// !$*UTF8*$!
{
	archiveVersion = 1;
	classes = {
	};
	objectVersion = 56;
	objects = {

/* Begin PBXBuildFile section */
		C912D7162C295CE100361F66 /* Constant.swift in Sources */ = {isa = PBXBuildFile; fileRef = C912D7152C295CE100361F66 /* Constant.swift */; };
		C912D7192C29638600361F66 /* NetworkService.swift in Sources */ = {isa = PBXBuildFile; fileRef = C912D7182C29638600361F66 /* NetworkService.swift */; };
		C912D7222C29BE6100361F66 /* UILabel+.swift in Sources */ = {isa = PBXBuildFile; fileRef = C912D7212C29BE6100361F66 /* UILabel+.swift */; };
		C91E52802C4B93370043BAC3 /* Date+.swift in Sources */ = {isa = PBXBuildFile; fileRef = C91E527F2C4B93370043BAC3 /* Date+.swift */; };
		C91E52832C4BC43E0043BAC3 /* SimilarMoviesDTO.swift in Sources */ = {isa = PBXBuildFile; fileRef = C91E52822C4BC43E0043BAC3 /* SimilarMoviesDTO.swift */; };
		C91E52882C4BE3840043BAC3 /* SnapKit in Frameworks */ = {isa = PBXBuildFile; productRef = C91E52872C4BE3840043BAC3 /* SnapKit */; };
		C91E528B2C4BE3B30043BAC3 /* FSCalendar in Frameworks */ = {isa = PBXBuildFile; productRef = C91E528A2C4BE3B30043BAC3 /* FSCalendar */; };
		C91E528E2C4BE3D00043BAC3 /* RealmSwift in Frameworks */ = {isa = PBXBuildFile; productRef = C91E528D2C4BE3D00043BAC3 /* RealmSwift */; };
		C9362DF72C40F3D7001A9042 /* SearchViewModel.swift in Sources */ = {isa = PBXBuildFile; fileRef = C9362DF62C40F3D7001A9042 /* SearchViewModel.swift */; };
		C9362DFB2C411932001A9042 /* VideoRequest.swift in Sources */ = {isa = PBXBuildFile; fileRef = C9362DFA2C411932001A9042 /* VideoRequest.swift */; };
		C9362DFD2C411CDB001A9042 /* VideoWebViewController.swift in Sources */ = {isa = PBXBuildFile; fileRef = C9362DFC2C411CDB001A9042 /* VideoWebViewController.swift */; };
		C9362DFF2C4124BD001A9042 /* VideoWebViewModel.swift in Sources */ = {isa = PBXBuildFile; fileRef = C9362DFE2C4124BD001A9042 /* VideoWebViewModel.swift */; };
		C9362E042C41364B001A9042 /* SearchMovieResponse.swift in Sources */ = {isa = PBXBuildFile; fileRef = C9362E032C41364B001A9042 /* SearchMovieResponse.swift */; };
		C9362E072C4139FE001A9042 /* SearchResponseDTO.swift in Sources */ = {isa = PBXBuildFile; fileRef = C9362E062C4139FE001A9042 /* SearchResponseDTO.swift */; };
		C9362E092C413A20001A9042 /* SearchMovieResponseDTO.swift in Sources */ = {isa = PBXBuildFile; fileRef = C9362E082C413A20001A9042 /* SearchMovieResponseDTO.swift */; };
		C9362E0C2C413C81001A9042 /* MovieCreditResponseDTO.swift in Sources */ = {isa = PBXBuildFile; fileRef = C9362E0B2C413C81001A9042 /* MovieCreditResponseDTO.swift */; };
		C9362E0E2C413C8A001A9042 /* CastResponseDTO.swift in Sources */ = {isa = PBXBuildFile; fileRef = C9362E0D2C413C8A001A9042 /* CastResponseDTO.swift */; };
		C9362E122C414B53001A9042 /* TrendTitleSupplementaryView.swift in Sources */ = {isa = PBXBuildFile; fileRef = C9362E112C414B53001A9042 /* TrendTitleSupplementaryView.swift */; };
		C9362E172C416FD5001A9042 /* MovieFavorites.swift in Sources */ = {isa = PBXBuildFile; fileRef = C9362E162C416FD5001A9042 /* MovieFavorites.swift */; };
		C9362E1C2C417147001A9042 /* MovieMemo.swift in Sources */ = {isa = PBXBuildFile; fileRef = C9362E1B2C417147001A9042 /* MovieMemo.swift */; };
		C9362E1E2C417677001A9042 /* Movie.swift in Sources */ = {isa = PBXBuildFile; fileRef = C9362E1D2C417677001A9042 /* Movie.swift */; };
		C9362E212C4177B7001A9042 /* FavoriteRepository.swift in Sources */ = {isa = PBXBuildFile; fileRef = C9362E202C4177B7001A9042 /* FavoriteRepository.swift */; };
		C9362E232C4177BF001A9042 /* MovieRepository.swift in Sources */ = {isa = PBXBuildFile; fileRef = C9362E222C4177BF001A9042 /* MovieRepository.swift */; };
		C9362E292C4194C3001A9042 /* MemoCalendarViewController.swift in Sources */ = {isa = PBXBuildFile; fileRef = C9362E282C4194C3001A9042 /* MemoCalendarViewController.swift */; };
		C9362E2C2C425CB7001A9042 /* PosterResponseDTO.swift in Sources */ = {isa = PBXBuildFile; fileRef = C9362E2B2C425CB7001A9042 /* PosterResponseDTO.swift */; };
		C9362E2E2C425CC9001A9042 /* PosterPathResponseDTO.swift in Sources */ = {isa = PBXBuildFile; fileRef = C9362E2D2C425CC9001A9042 /* PosterPathResponseDTO.swift */; };
		C95381C62C189A65000A054D /* SearchViewController.swift in Sources */ = {isa = PBXBuildFile; fileRef = C95381C52C189A65000A054D /* SearchViewController.swift */; };
		C95381C82C189A84000A054D /* SearchMovieCollectionViewCell.swift in Sources */ = {isa = PBXBuildFile; fileRef = C95381C72C189A84000A054D /* SearchMovieCollectionViewCell.swift */; };
		C95381CA2C189B77000A054D /* UICollectionViewCell+.swift in Sources */ = {isa = PBXBuildFile; fileRef = C95381C92C189B77000A054D /* UICollectionViewCell+.swift */; };
		C959DBE32C3E602200F97C9A /* TrendViewModel.swift in Sources */ = {isa = PBXBuildFile; fileRef = C959DBE22C3E602200F97C9A /* TrendViewModel.swift */; };
		C959DBE62C3E602F00F97C9A /* Observable.swift in Sources */ = {isa = PBXBuildFile; fileRef = C959DBE52C3E602F00F97C9A /* Observable.swift */; };
		C960DD072C454939007D78FA /* BasicButtonCase.swift in Sources */ = {isa = PBXBuildFile; fileRef = C960DD062C454939007D78FA /* BasicButtonCase.swift */; };
		C960DD092C456854007D78FA /* TrendDetailSectionKind.swift in Sources */ = {isa = PBXBuildFile; fileRef = C960DD082C456854007D78FA /* TrendDetailSectionKind.swift */; };
		C968A1D82C118EE1004947C7 /* UITableViewCell+.swift in Sources */ = {isa = PBXBuildFile; fileRef = C968A1D72C118EE1004947C7 /* UITableViewCell+.swift */; };
		C968A1F02C11B534004947C7 /* UIViewController+.swift in Sources */ = {isa = PBXBuildFile; fileRef = C968A1EF2C11B534004947C7 /* UIViewController+.swift */; };
		C986EF6F2C4029C400BF603D /* TrendDetailViewModel.swift in Sources */ = {isa = PBXBuildFile; fileRef = C986EF6E2C4029C400BF603D /* TrendDetailViewModel.swift */; };
		C999FDDD2C17480C00855246 /* SimilarMoviesResponse.swift in Sources */ = {isa = PBXBuildFile; fileRef = C999FDDC2C17480C00855246 /* SimilarMoviesResponse.swift */; };
		C999FDEF2C175ACC00855246 /* MovieCreditResponse.swift in Sources */ = {isa = PBXBuildFile; fileRef = C999FDEE2C175ACC00855246 /* MovieCreditResponse.swift */; };
		C9A538AC2C2E976400BA240A /* MovieTabbarController.swift in Sources */ = {isa = PBXBuildFile; fileRef = C9A538AB2C2E976400BA240A /* MovieTabbarController.swift */; };
		C9A538AE2C2E990900BA240A /* TabbarCase.swift in Sources */ = {isa = PBXBuildFile; fileRef = C9A538AD2C2E990900BA240A /* TabbarCase.swift */; };
		C9A538B12C2EBD1D00BA240A /* BaseViewController.swift in Sources */ = {isa = PBXBuildFile; fileRef = C9A538B02C2EBD1D00BA240A /* BaseViewController.swift */; };
		C9A538B52C2EBF1200BA240A /* ViewCase.swift in Sources */ = {isa = PBXBuildFile; fileRef = C9A538B42C2EBF1200BA240A /* ViewCase.swift */; };
		C9A538BA2C2F10D400BA240A /* EmptyView.swift in Sources */ = {isa = PBXBuildFile; fileRef = C9A538B92C2F10D400BA240A /* EmptyView.swift */; };
		C9A538BC2C2F110400BA240A /* BaseView.swift in Sources */ = {isa = PBXBuildFile; fileRef = C9A538BB2C2F110400BA240A /* BaseView.swift */; };
		C9BD15762C0EFEB20049787E /* AppDelegate.swift in Sources */ = {isa = PBXBuildFile; fileRef = C9BD15752C0EFEB20049787E /* AppDelegate.swift */; };
		C9BD15782C0EFEB20049787E /* SceneDelegate.swift in Sources */ = {isa = PBXBuildFile; fileRef = C9BD15772C0EFEB20049787E /* SceneDelegate.swift */; };
		C9BD157F2C0EFEB30049787E /* Assets.xcassets in Resources */ = {isa = PBXBuildFile; fileRef = C9BD157E2C0EFEB30049787E /* Assets.xcassets */; };
		C9BD15822C0EFEB30049787E /* Base in Resources */ = {isa = PBXBuildFile; fileRef = C9BD15812C0EFEB30049787E /* Base */; };
		C9BD15912C0F18AF0049787E /* JoinViewController.swift in Sources */ = {isa = PBXBuildFile; fileRef = C9BD15902C0F18AF0049787E /* JoinViewController.swift */; };
		C9BD15952C0F20E20049787E /* UITextField+.swift in Sources */ = {isa = PBXBuildFile; fileRef = C9BD15942C0F20E20049787E /* UITextField+.swift */; };
		C9CB2C6E2C428B01004B0A0D /* CalendarLabelView.swift in Sources */ = {isa = PBXBuildFile; fileRef = C9CB2C6D2C428B01004B0A0D /* CalendarLabelView.swift */; };
		C9CB2C712C428C54004B0A0D /* PaddingLabel.swift in Sources */ = {isa = PBXBuildFile; fileRef = C9CB2C702C428C54004B0A0D /* PaddingLabel.swift */; };
		C9CB2C732C42A7E6004B0A0D /* MemoDetailViewController.swift in Sources */ = {isa = PBXBuildFile; fileRef = C9CB2C722C42A7E6004B0A0D /* MemoDetailViewController.swift */; };
		C9CB2C752C42AE93004B0A0D /* MemoBasicButton.swift in Sources */ = {isa = PBXBuildFile; fileRef = C9CB2C742C42AE93004B0A0D /* MemoBasicButton.swift */; };
		C9CB2C772C42B69D004B0A0D /* MemoTextField.swift in Sources */ = {isa = PBXBuildFile; fileRef = C9CB2C762C42B69D004B0A0D /* MemoTextField.swift */; };
		C9CB2C792C42C242004B0A0D /* MemoTextView.swift in Sources */ = {isa = PBXBuildFile; fileRef = C9CB2C782C42C242004B0A0D /* MemoTextView.swift */; };
		C9CB2C7B2C42CF33004B0A0D /* MoviePosterView.swift in Sources */ = {isa = PBXBuildFile; fileRef = C9CB2C7A2C42CF33004B0A0D /* MoviePosterView.swift */; };
		C9CB2C7D2C42D6A7004B0A0D /* MemoDetailViewModel.swift in Sources */ = {isa = PBXBuildFile; fileRef = C9CB2C7C2C42D6A7004B0A0D /* MemoDetailViewModel.swift */; };
		C9CB2C7F2C42D6E0004B0A0D /* MemoCalendarViewModel.swift in Sources */ = {isa = PBXBuildFile; fileRef = C9CB2C7E2C42D6E0004B0A0D /* MemoCalendarViewModel.swift */; };
		C9CB2C812C42D77F004B0A0D /* DateChanger.swift in Sources */ = {isa = PBXBuildFile; fileRef = C9CB2C802C42D77F004B0A0D /* DateChanger.swift */; };
		C9CB2C842C42D793004B0A0D /* String+.swift in Sources */ = {isa = PBXBuildFile; fileRef = C9CB2C832C42D793004B0A0D /* String+.swift */; };
		C9CB2C862C440042004B0A0D /* MemoTagViewController.swift in Sources */ = {isa = PBXBuildFile; fileRef = C9CB2C852C440042004B0A0D /* MemoTagViewController.swift */; };
		C9CB2C882C44023B004B0A0D /* MemoTagViewModel.swift in Sources */ = {isa = PBXBuildFile; fileRef = C9CB2C872C44023B004B0A0D /* MemoTagViewModel.swift */; };
		C9CB2C8A2C4416DE004B0A0D /* MemoDateViewController.swift in Sources */ = {isa = PBXBuildFile; fileRef = C9CB2C892C4416DE004B0A0D /* MemoDateViewController.swift */; };
		C9CB2C8C2C441CCF004B0A0D /* MemoDateViewModel.swift in Sources */ = {isa = PBXBuildFile; fileRef = C9CB2C8B2C441CCF004B0A0D /* MemoDateViewModel.swift */; };
		C9F5F1162C328B21002FAACE /* MovieVideoResponse.swift in Sources */ = {isa = PBXBuildFile; fileRef = C9F5F1152C328B21002FAACE /* MovieVideoResponse.swift */; };
		C9F5F11A2C32931D002FAACE /* MovieVideoResponseDTO.swift in Sources */ = {isa = PBXBuildFile; fileRef = C9F5F1192C32931D002FAACE /* MovieVideoResponseDTO.swift */; };
		C9F5F11C2C329364002FAACE /* VideoResponseDTO.swift in Sources */ = {isa = PBXBuildFile; fileRef = C9F5F11B2C329364002FAACE /* VideoResponseDTO.swift */; };
		C9F5F11F2C329D29002FAACE /* NewTrendViewController.swift in Sources */ = {isa = PBXBuildFile; fileRef = C9F5F11E2C329D29002FAACE /* NewTrendViewController.swift */; };
		C9F5F1212C32B286002FAACE /* TrendCollectionViewCell.swift in Sources */ = {isa = PBXBuildFile; fileRef = C9F5F1202C32B286002FAACE /* TrendCollectionViewCell.swift */; };
		C9F5F1242C32BE78002FAACE /* NetworkError.swift in Sources */ = {isa = PBXBuildFile; fileRef = C9F5F1232C32BE78002FAACE /* NetworkError.swift */; };
		C9F5F1262C32BF00002FAACE /* TrendMovieResponseDTO.swift in Sources */ = {isa = PBXBuildFile; fileRef = C9F5F1252C32BF00002FAACE /* TrendMovieResponseDTO.swift */; };
		C9F5F1282C32BF1F002FAACE /* MovieResponseDTO.swift in Sources */ = {isa = PBXBuildFile; fileRef = C9F5F1272C32BF1F002FAACE /* MovieResponseDTO.swift */; };
		C9F5F12A2C32BF3D002FAACE /* TrendTVResponseDTO.swift in Sources */ = {isa = PBXBuildFile; fileRef = C9F5F1292C32BF3D002FAACE /* TrendTVResponseDTO.swift */; };
		C9F5F12C2C32BF49002FAACE /* TVResponseDTO.swift in Sources */ = {isa = PBXBuildFile; fileRef = C9F5F12B2C32BF49002FAACE /* TVResponseDTO.swift */; };
		C9F5F12F2C32BF69002FAACE /* TrendMovieResponse.swift in Sources */ = {isa = PBXBuildFile; fileRef = C9F5F12E2C32BF69002FAACE /* TrendMovieResponse.swift */; };
		C9F5F1312C32C037002FAACE /* TrendTVResponse.swift in Sources */ = {isa = PBXBuildFile; fileRef = C9F5F1302C32C037002FAACE /* TrendTVResponse.swift */; };
		C9F5F1362C32D2BB002FAACE /* TrendMovieDetailViewController.swift in Sources */ = {isa = PBXBuildFile; fileRef = C9F5F1352C32D2BB002FAACE /* TrendMovieDetailViewController.swift */; };
		C9F5F1382C32DCA7002FAACE /* TrendMovieCollectionViewCell.swift in Sources */ = {isa = PBXBuildFile; fileRef = C9F5F1372C32DCA7002FAACE /* TrendMovieCollectionViewCell.swift */; };
		C9F5F13A2C32E2D6002FAACE /* TrendMovieTitleCollectionViewCell.swift in Sources */ = {isa = PBXBuildFile; fileRef = C9F5F1392C32E2D6002FAACE /* TrendMovieTitleCollectionViewCell.swift */; };
		C9F5F13C2C32E2FA002FAACE /* BaseCollectionViewCell.swift in Sources */ = {isa = PBXBuildFile; fileRef = C9F5F13B2C32E2FA002FAACE /* BaseCollectionViewCell.swift */; };
		C9F5F13F2C32F45B002FAACE /* TrendMovieCastCell.swift in Sources */ = {isa = PBXBuildFile; fileRef = C9F5F13E2C32F45B002FAACE /* TrendMovieCastCell.swift */; };
		C9FA01AB2C2B00E700E5C100 /* Endpoint.swift in Sources */ = {isa = PBXBuildFile; fileRef = C9FA01AA2C2B00E700E5C100 /* Endpoint.swift */; };
		C9FA01AD2C2B021700E5C100 /* _HTTPMethod.swift in Sources */ = {isa = PBXBuildFile; fileRef = C9FA01AC2C2B021700E5C100 /* _HTTPMethod.swift */; };
		C9FA01B72C2B288200E5C100 /* PosterResponse.swift in Sources */ = {isa = PBXBuildFile; fileRef = C9FA01B62C2B288200E5C100 /* PosterResponse.swift */; };
		C9FA01C22C2C769900E5C100 /* NetworkRequest.swift in Sources */ = {isa = PBXBuildFile; fileRef = C9FA01C12C2C769900E5C100 /* NetworkRequest.swift */; };
/* End PBXBuildFile section */

/* Begin PBXFileReference section */
		C912D7152C295CE100361F66 /* Constant.swift */ = {isa = PBXFileReference; lastKnownFileType = sourcecode.swift; path = Constant.swift; sourceTree = "<group>"; };
		C912D7182C29638600361F66 /* NetworkService.swift */ = {isa = PBXFileReference; lastKnownFileType = sourcecode.swift; path = NetworkService.swift; sourceTree = "<group>"; };
		C912D7212C29BE6100361F66 /* UILabel+.swift */ = {isa = PBXFileReference; lastKnownFileType = sourcecode.swift; path = "UILabel+.swift"; sourceTree = "<group>"; };
		C91E527F2C4B93370043BAC3 /* Date+.swift */ = {isa = PBXFileReference; lastKnownFileType = sourcecode.swift; path = "Date+.swift"; sourceTree = "<group>"; };
		C91E52822C4BC43E0043BAC3 /* SimilarMoviesDTO.swift */ = {isa = PBXFileReference; lastKnownFileType = sourcecode.swift; path = SimilarMoviesDTO.swift; sourceTree = "<group>"; };
		C9362DF62C40F3D7001A9042 /* SearchViewModel.swift */ = {isa = PBXFileReference; lastKnownFileType = sourcecode.swift; path = SearchViewModel.swift; sourceTree = "<group>"; };
		C9362DFA2C411932001A9042 /* VideoRequest.swift */ = {isa = PBXFileReference; lastKnownFileType = sourcecode.swift; path = VideoRequest.swift; sourceTree = "<group>"; };
		C9362DFC2C411CDB001A9042 /* VideoWebViewController.swift */ = {isa = PBXFileReference; lastKnownFileType = sourcecode.swift; path = VideoWebViewController.swift; sourceTree = "<group>"; };
		C9362DFE2C4124BD001A9042 /* VideoWebViewModel.swift */ = {isa = PBXFileReference; lastKnownFileType = sourcecode.swift; path = VideoWebViewModel.swift; sourceTree = "<group>"; };
		C9362E032C41364B001A9042 /* SearchMovieResponse.swift */ = {isa = PBXFileReference; lastKnownFileType = sourcecode.swift; path = SearchMovieResponse.swift; sourceTree = "<group>"; };
		C9362E062C4139FE001A9042 /* SearchResponseDTO.swift */ = {isa = PBXFileReference; lastKnownFileType = sourcecode.swift; path = SearchResponseDTO.swift; sourceTree = "<group>"; };
		C9362E082C413A20001A9042 /* SearchMovieResponseDTO.swift */ = {isa = PBXFileReference; lastKnownFileType = sourcecode.swift; path = SearchMovieResponseDTO.swift; sourceTree = "<group>"; };
		C9362E0B2C413C81001A9042 /* MovieCreditResponseDTO.swift */ = {isa = PBXFileReference; lastKnownFileType = sourcecode.swift; path = MovieCreditResponseDTO.swift; sourceTree = "<group>"; };
		C9362E0D2C413C8A001A9042 /* CastResponseDTO.swift */ = {isa = PBXFileReference; lastKnownFileType = sourcecode.swift; path = CastResponseDTO.swift; sourceTree = "<group>"; };
		C9362E112C414B53001A9042 /* TrendTitleSupplementaryView.swift */ = {isa = PBXFileReference; lastKnownFileType = sourcecode.swift; path = TrendTitleSupplementaryView.swift; sourceTree = "<group>"; };
		C9362E162C416FD5001A9042 /* MovieFavorites.swift */ = {isa = PBXFileReference; lastKnownFileType = sourcecode.swift; path = MovieFavorites.swift; sourceTree = "<group>"; };
		C9362E1B2C417147001A9042 /* MovieMemo.swift */ = {isa = PBXFileReference; lastKnownFileType = sourcecode.swift; path = MovieMemo.swift; sourceTree = "<group>"; };
		C9362E1D2C417677001A9042 /* Movie.swift */ = {isa = PBXFileReference; lastKnownFileType = sourcecode.swift; path = Movie.swift; sourceTree = "<group>"; };
		C9362E202C4177B7001A9042 /* FavoriteRepository.swift */ = {isa = PBXFileReference; lastKnownFileType = sourcecode.swift; path = FavoriteRepository.swift; sourceTree = "<group>"; };
		C9362E222C4177BF001A9042 /* MovieRepository.swift */ = {isa = PBXFileReference; lastKnownFileType = sourcecode.swift; path = MovieRepository.swift; sourceTree = "<group>"; };
		C9362E282C4194C3001A9042 /* MemoCalendarViewController.swift */ = {isa = PBXFileReference; lastKnownFileType = sourcecode.swift; path = MemoCalendarViewController.swift; sourceTree = "<group>"; };
		C9362E2B2C425CB7001A9042 /* PosterResponseDTO.swift */ = {isa = PBXFileReference; lastKnownFileType = sourcecode.swift; path = PosterResponseDTO.swift; sourceTree = "<group>"; };
		C9362E2D2C425CC9001A9042 /* PosterPathResponseDTO.swift */ = {isa = PBXFileReference; lastKnownFileType = sourcecode.swift; path = PosterPathResponseDTO.swift; sourceTree = "<group>"; };
		C95381C52C189A65000A054D /* SearchViewController.swift */ = {isa = PBXFileReference; lastKnownFileType = sourcecode.swift; path = SearchViewController.swift; sourceTree = "<group>"; };
		C95381C72C189A84000A054D /* SearchMovieCollectionViewCell.swift */ = {isa = PBXFileReference; lastKnownFileType = sourcecode.swift; path = SearchMovieCollectionViewCell.swift; sourceTree = "<group>"; };
		C95381C92C189B77000A054D /* UICollectionViewCell+.swift */ = {isa = PBXFileReference; lastKnownFileType = sourcecode.swift; path = "UICollectionViewCell+.swift"; sourceTree = "<group>"; };
		C959DBE22C3E602200F97C9A /* TrendViewModel.swift */ = {isa = PBXFileReference; lastKnownFileType = sourcecode.swift; path = TrendViewModel.swift; sourceTree = "<group>"; };
		C959DBE52C3E602F00F97C9A /* Observable.swift */ = {isa = PBXFileReference; lastKnownFileType = sourcecode.swift; path = Observable.swift; sourceTree = "<group>"; };
		C960DD062C454939007D78FA /* BasicButtonCase.swift */ = {isa = PBXFileReference; lastKnownFileType = sourcecode.swift; path = BasicButtonCase.swift; sourceTree = "<group>"; };
		C960DD082C456854007D78FA /* TrendDetailSectionKind.swift */ = {isa = PBXFileReference; lastKnownFileType = sourcecode.swift; path = TrendDetailSectionKind.swift; sourceTree = "<group>"; };
		C968A1D72C118EE1004947C7 /* UITableViewCell+.swift */ = {isa = PBXFileReference; lastKnownFileType = sourcecode.swift; path = "UITableViewCell+.swift"; sourceTree = "<group>"; };
		C968A1E52C11A684004947C7 /* Config.xcconfig */ = {isa = PBXFileReference; lastKnownFileType = text.xcconfig; path = Config.xcconfig; sourceTree = "<group>"; };
		C968A1EF2C11B534004947C7 /* UIViewController+.swift */ = {isa = PBXFileReference; lastKnownFileType = sourcecode.swift; path = "UIViewController+.swift"; sourceTree = "<group>"; };
		C986EF6E2C4029C400BF603D /* TrendDetailViewModel.swift */ = {isa = PBXFileReference; lastKnownFileType = sourcecode.swift; path = TrendDetailViewModel.swift; sourceTree = "<group>"; };
		C999FDDC2C17480C00855246 /* SimilarMoviesResponse.swift */ = {isa = PBXFileReference; lastKnownFileType = sourcecode.swift; path = SimilarMoviesResponse.swift; sourceTree = "<group>"; };
		C999FDEE2C175ACC00855246 /* MovieCreditResponse.swift */ = {isa = PBXFileReference; lastKnownFileType = sourcecode.swift; path = MovieCreditResponse.swift; sourceTree = "<group>"; };
		C9A538AB2C2E976400BA240A /* MovieTabbarController.swift */ = {isa = PBXFileReference; lastKnownFileType = sourcecode.swift; path = MovieTabbarController.swift; sourceTree = "<group>"; };
		C9A538AD2C2E990900BA240A /* TabbarCase.swift */ = {isa = PBXFileReference; lastKnownFileType = sourcecode.swift; path = TabbarCase.swift; sourceTree = "<group>"; };
		C9A538B02C2EBD1D00BA240A /* BaseViewController.swift */ = {isa = PBXFileReference; lastKnownFileType = sourcecode.swift; path = BaseViewController.swift; sourceTree = "<group>"; };
		C9A538B42C2EBF1200BA240A /* ViewCase.swift */ = {isa = PBXFileReference; lastKnownFileType = sourcecode.swift; path = ViewCase.swift; sourceTree = "<group>"; };
		C9A538B92C2F10D400BA240A /* EmptyView.swift */ = {isa = PBXFileReference; lastKnownFileType = sourcecode.swift; path = EmptyView.swift; sourceTree = "<group>"; };
		C9A538BB2C2F110400BA240A /* BaseView.swift */ = {isa = PBXFileReference; lastKnownFileType = sourcecode.swift; path = BaseView.swift; sourceTree = "<group>"; };
		C9BD15722C0EFEB20049787E /* MediaProject.app */ = {isa = PBXFileReference; explicitFileType = wrapper.application; includeInIndex = 0; path = MediaProject.app; sourceTree = BUILT_PRODUCTS_DIR; };
		C9BD15752C0EFEB20049787E /* AppDelegate.swift */ = {isa = PBXFileReference; lastKnownFileType = sourcecode.swift; path = AppDelegate.swift; sourceTree = "<group>"; };
		C9BD15772C0EFEB20049787E /* SceneDelegate.swift */ = {isa = PBXFileReference; lastKnownFileType = sourcecode.swift; path = SceneDelegate.swift; sourceTree = "<group>"; };
		C9BD157E2C0EFEB30049787E /* Assets.xcassets */ = {isa = PBXFileReference; lastKnownFileType = folder.assetcatalog; path = Assets.xcassets; sourceTree = "<group>"; };
		C9BD15812C0EFEB30049787E /* Base */ = {isa = PBXFileReference; lastKnownFileType = file.storyboard; name = Base; path = Base.lproj/LaunchScreen.storyboard; sourceTree = "<group>"; };
		C9BD15832C0EFEB30049787E /* Info.plist */ = {isa = PBXFileReference; lastKnownFileType = text.plist.xml; path = Info.plist; sourceTree = "<group>"; };
		C9BD15902C0F18AF0049787E /* JoinViewController.swift */ = {isa = PBXFileReference; lastKnownFileType = sourcecode.swift; path = JoinViewController.swift; sourceTree = "<group>"; };
		C9BD15942C0F20E20049787E /* UITextField+.swift */ = {isa = PBXFileReference; lastKnownFileType = sourcecode.swift; path = "UITextField+.swift"; sourceTree = "<group>"; };
		C9CB2C6D2C428B01004B0A0D /* CalendarLabelView.swift */ = {isa = PBXFileReference; lastKnownFileType = sourcecode.swift; path = CalendarLabelView.swift; sourceTree = "<group>"; };
		C9CB2C702C428C54004B0A0D /* PaddingLabel.swift */ = {isa = PBXFileReference; lastKnownFileType = sourcecode.swift; path = PaddingLabel.swift; sourceTree = "<group>"; };
		C9CB2C722C42A7E6004B0A0D /* MemoDetailViewController.swift */ = {isa = PBXFileReference; lastKnownFileType = sourcecode.swift; path = MemoDetailViewController.swift; sourceTree = "<group>"; };
		C9CB2C742C42AE93004B0A0D /* MemoBasicButton.swift */ = {isa = PBXFileReference; lastKnownFileType = sourcecode.swift; path = MemoBasicButton.swift; sourceTree = "<group>"; };
		C9CB2C762C42B69D004B0A0D /* MemoTextField.swift */ = {isa = PBXFileReference; lastKnownFileType = sourcecode.swift; path = MemoTextField.swift; sourceTree = "<group>"; };
		C9CB2C782C42C242004B0A0D /* MemoTextView.swift */ = {isa = PBXFileReference; lastKnownFileType = sourcecode.swift; path = MemoTextView.swift; sourceTree = "<group>"; };
		C9CB2C7A2C42CF33004B0A0D /* MoviePosterView.swift */ = {isa = PBXFileReference; lastKnownFileType = sourcecode.swift; path = MoviePosterView.swift; sourceTree = "<group>"; };
		C9CB2C7C2C42D6A7004B0A0D /* MemoDetailViewModel.swift */ = {isa = PBXFileReference; lastKnownFileType = sourcecode.swift; path = MemoDetailViewModel.swift; sourceTree = "<group>"; };
		C9CB2C7E2C42D6E0004B0A0D /* MemoCalendarViewModel.swift */ = {isa = PBXFileReference; lastKnownFileType = sourcecode.swift; path = MemoCalendarViewModel.swift; sourceTree = "<group>"; };
		C9CB2C802C42D77F004B0A0D /* DateChanger.swift */ = {isa = PBXFileReference; lastKnownFileType = sourcecode.swift; path = DateChanger.swift; sourceTree = "<group>"; };
		C9CB2C832C42D793004B0A0D /* String+.swift */ = {isa = PBXFileReference; lastKnownFileType = sourcecode.swift; path = "String+.swift"; sourceTree = "<group>"; };
		C9CB2C852C440042004B0A0D /* MemoTagViewController.swift */ = {isa = PBXFileReference; lastKnownFileType = sourcecode.swift; path = MemoTagViewController.swift; sourceTree = "<group>"; };
		C9CB2C872C44023B004B0A0D /* MemoTagViewModel.swift */ = {isa = PBXFileReference; lastKnownFileType = sourcecode.swift; path = MemoTagViewModel.swift; sourceTree = "<group>"; };
		C9CB2C892C4416DE004B0A0D /* MemoDateViewController.swift */ = {isa = PBXFileReference; lastKnownFileType = sourcecode.swift; path = MemoDateViewController.swift; sourceTree = "<group>"; };
		C9CB2C8B2C441CCF004B0A0D /* MemoDateViewModel.swift */ = {isa = PBXFileReference; lastKnownFileType = sourcecode.swift; path = MemoDateViewModel.swift; sourceTree = "<group>"; };
		C9F5F1152C328B21002FAACE /* MovieVideoResponse.swift */ = {isa = PBXFileReference; lastKnownFileType = sourcecode.swift; path = MovieVideoResponse.swift; sourceTree = "<group>"; };
		C9F5F1192C32931D002FAACE /* MovieVideoResponseDTO.swift */ = {isa = PBXFileReference; lastKnownFileType = sourcecode.swift; path = MovieVideoResponseDTO.swift; sourceTree = "<group>"; };
		C9F5F11B2C329364002FAACE /* VideoResponseDTO.swift */ = {isa = PBXFileReference; lastKnownFileType = sourcecode.swift; path = VideoResponseDTO.swift; sourceTree = "<group>"; };
		C9F5F11E2C329D29002FAACE /* NewTrendViewController.swift */ = {isa = PBXFileReference; lastKnownFileType = sourcecode.swift; path = NewTrendViewController.swift; sourceTree = "<group>"; };
		C9F5F1202C32B286002FAACE /* TrendCollectionViewCell.swift */ = {isa = PBXFileReference; lastKnownFileType = sourcecode.swift; path = TrendCollectionViewCell.swift; sourceTree = "<group>"; };
		C9F5F1232C32BE78002FAACE /* NetworkError.swift */ = {isa = PBXFileReference; lastKnownFileType = sourcecode.swift; path = NetworkError.swift; sourceTree = "<group>"; };
		C9F5F1252C32BF00002FAACE /* TrendMovieResponseDTO.swift */ = {isa = PBXFileReference; lastKnownFileType = sourcecode.swift; path = TrendMovieResponseDTO.swift; sourceTree = "<group>"; };
		C9F5F1272C32BF1F002FAACE /* MovieResponseDTO.swift */ = {isa = PBXFileReference; lastKnownFileType = sourcecode.swift; path = MovieResponseDTO.swift; sourceTree = "<group>"; };
		C9F5F1292C32BF3D002FAACE /* TrendTVResponseDTO.swift */ = {isa = PBXFileReference; lastKnownFileType = sourcecode.swift; path = TrendTVResponseDTO.swift; sourceTree = "<group>"; };
		C9F5F12B2C32BF49002FAACE /* TVResponseDTO.swift */ = {isa = PBXFileReference; lastKnownFileType = sourcecode.swift; path = TVResponseDTO.swift; sourceTree = "<group>"; };
		C9F5F12E2C32BF69002FAACE /* TrendMovieResponse.swift */ = {isa = PBXFileReference; lastKnownFileType = sourcecode.swift; path = TrendMovieResponse.swift; sourceTree = "<group>"; };
		C9F5F1302C32C037002FAACE /* TrendTVResponse.swift */ = {isa = PBXFileReference; lastKnownFileType = sourcecode.swift; path = TrendTVResponse.swift; sourceTree = "<group>"; };
		C9F5F1352C32D2BB002FAACE /* TrendMovieDetailViewController.swift */ = {isa = PBXFileReference; lastKnownFileType = sourcecode.swift; path = TrendMovieDetailViewController.swift; sourceTree = "<group>"; };
		C9F5F1372C32DCA7002FAACE /* TrendMovieCollectionViewCell.swift */ = {isa = PBXFileReference; lastKnownFileType = sourcecode.swift; path = TrendMovieCollectionViewCell.swift; sourceTree = "<group>"; };
		C9F5F1392C32E2D6002FAACE /* TrendMovieTitleCollectionViewCell.swift */ = {isa = PBXFileReference; lastKnownFileType = sourcecode.swift; path = TrendMovieTitleCollectionViewCell.swift; sourceTree = "<group>"; };
		C9F5F13B2C32E2FA002FAACE /* BaseCollectionViewCell.swift */ = {isa = PBXFileReference; lastKnownFileType = sourcecode.swift; path = BaseCollectionViewCell.swift; sourceTree = "<group>"; };
		C9F5F13E2C32F45B002FAACE /* TrendMovieCastCell.swift */ = {isa = PBXFileReference; lastKnownFileType = sourcecode.swift; path = TrendMovieCastCell.swift; sourceTree = "<group>"; };
		C9FA01AA2C2B00E700E5C100 /* Endpoint.swift */ = {isa = PBXFileReference; lastKnownFileType = sourcecode.swift; path = Endpoint.swift; sourceTree = "<group>"; };
		C9FA01AC2C2B021700E5C100 /* _HTTPMethod.swift */ = {isa = PBXFileReference; lastKnownFileType = sourcecode.swift; path = _HTTPMethod.swift; sourceTree = "<group>"; };
		C9FA01B62C2B288200E5C100 /* PosterResponse.swift */ = {isa = PBXFileReference; lastKnownFileType = sourcecode.swift; path = PosterResponse.swift; sourceTree = "<group>"; };
		C9FA01C12C2C769900E5C100 /* NetworkRequest.swift */ = {isa = PBXFileReference; lastKnownFileType = sourcecode.swift; path = NetworkRequest.swift; sourceTree = "<group>"; };
/* End PBXFileReference section */

/* Begin PBXFrameworksBuildPhase section */
		C9BD156F2C0EFEB20049787E /* Frameworks */ = {
			isa = PBXFrameworksBuildPhase;
			buildActionMask = 2147483647;
			files = (
				C91E528E2C4BE3D00043BAC3 /* RealmSwift in Frameworks */,
				C91E52882C4BE3840043BAC3 /* SnapKit in Frameworks */,
				C91E528B2C4BE3B30043BAC3 /* FSCalendar in Frameworks */,
			);
			runOnlyForDeploymentPostprocessing = 0;
		};
/* End PBXFrameworksBuildPhase section */

/* Begin PBXGroup section */
		C912D7172C29637A00361F66 /* Network */ = {
			isa = PBXGroup;
			children = (
				C9F5F1222C32BE6B002FAACE /* Error */,
				C912D7182C29638600361F66 /* NetworkService.swift */,
			);
			path = Network;
			sourceTree = "<group>";
		};
		C91E52812C4BC42E0043BAC3 /* Similar */ = {
			isa = PBXGroup;
			children = (
				C91E52822C4BC43E0043BAC3 /* SimilarMoviesDTO.swift */,
			);
			path = Similar;
			sourceTree = "<group>";
		};
		C9362DEC2C40F305001A9042 /* MovieTrend */ = {
			isa = PBXGroup;
			children = (
				C9362DF22C40F395001A9042 /* View */,
				C9362DED2C40F319001A9042 /* ViewController */,
				C9362DEE2C40F32F001A9042 /* ViewModel */,
			);
			path = MovieTrend;
			sourceTree = "<group>";
		};
		C9362DED2C40F319001A9042 /* ViewController */ = {
			isa = PBXGroup;
			children = (
				C9F5F11E2C329D29002FAACE /* NewTrendViewController.swift */,
			);
			path = ViewController;
			sourceTree = "<group>";
		};
		C9362DEE2C40F32F001A9042 /* ViewModel */ = {
			isa = PBXGroup;
			children = (
				C959DBE22C3E602200F97C9A /* TrendViewModel.swift */,
			);
			path = ViewModel;
			sourceTree = "<group>";
		};
		C9362DEF2C40F349001A9042 /* MovieTrendDetail */ = {
			isa = PBXGroup;
			children = (
				C959DBBC2C3D56E000F97C9A /* View */,
				C9362DF02C40F354001A9042 /* ViewController */,
				C9362DF12C40F377001A9042 /* ViewModel */,
			);
			path = MovieTrendDetail;
			sourceTree = "<group>";
		};
		C9362DF02C40F354001A9042 /* ViewController */ = {
			isa = PBXGroup;
			children = (
				C9F5F1352C32D2BB002FAACE /* TrendMovieDetailViewController.swift */,
				C9362DFC2C411CDB001A9042 /* VideoWebViewController.swift */,
			);
			path = ViewController;
			sourceTree = "<group>";
		};
		C9362DF12C40F377001A9042 /* ViewModel */ = {
			isa = PBXGroup;
			children = (
				C986EF6E2C4029C400BF603D /* TrendDetailViewModel.swift */,
				C9362DFE2C4124BD001A9042 /* VideoWebViewModel.swift */,
			);
			path = ViewModel;
			sourceTree = "<group>";
		};
		C9362DF22C40F395001A9042 /* View */ = {
			isa = PBXGroup;
			children = (
				C9F5F1202C32B286002FAACE /* TrendCollectionViewCell.swift */,
			);
			path = View;
			sourceTree = "<group>";
		};
		C9362DF32C40F3B5001A9042 /* View */ = {
			isa = PBXGroup;
			children = (
				C95381C72C189A84000A054D /* SearchMovieCollectionViewCell.swift */,
				C9A538B92C2F10D400BA240A /* EmptyView.swift */,
			);
			path = View;
			sourceTree = "<group>";
		};
		C9362DF42C40F3BB001A9042 /* ViewController */ = {
			isa = PBXGroup;
			children = (
				C95381C52C189A65000A054D /* SearchViewController.swift */,
			);
			path = ViewController;
			sourceTree = "<group>";
		};
		C9362DF52C40F3C2001A9042 /* ViewModel */ = {
			isa = PBXGroup;
			children = (
				C9362DF62C40F3D7001A9042 /* SearchViewModel.swift */,
			);
			path = ViewModel;
			sourceTree = "<group>";
		};
		C9362E052C4139EC001A9042 /* Search */ = {
			isa = PBXGroup;
			children = (
				C9362E062C4139FE001A9042 /* SearchResponseDTO.swift */,
				C9362E082C413A20001A9042 /* SearchMovieResponseDTO.swift */,
			);
			path = Search;
			sourceTree = "<group>";
		};
		C9362E0A2C413C54001A9042 /* MovieCredit */ = {
			isa = PBXGroup;
			children = (
				C9362E0B2C413C81001A9042 /* MovieCreditResponseDTO.swift */,
				C9362E0D2C413C8A001A9042 /* CastResponseDTO.swift */,
			);
			path = MovieCredit;
			sourceTree = "<group>";
		};
		C9362E152C416F41001A9042 /* Realm */ = {
			isa = PBXGroup;
			children = (
				C9362E162C416FD5001A9042 /* MovieFavorites.swift */,
				C9362E1D2C417677001A9042 /* Movie.swift */,
				C9362E1B2C417147001A9042 /* MovieMemo.swift */,
			);
			path = Realm;
			sourceTree = "<group>";
		};
		C9362E1F2C4177A9001A9042 /* RealmRepository */ = {
			isa = PBXGroup;
			children = (
				C9362E202C4177B7001A9042 /* FavoriteRepository.swift */,
				C9362E222C4177BF001A9042 /* MovieRepository.swift */,
			);
			path = RealmRepository;
			sourceTree = "<group>";
		};
		C9362E242C419414001A9042 /* Memo */ = {
			isa = PBXGroup;
			children = (
				C9362E272C4194AF001A9042 /* ViewController */,
				C9362E262C4194A9001A9042 /* ViewModel */,
				C9362E252C4194A2001A9042 /* View */,
			);
			path = Memo;
			sourceTree = "<group>";
		};
		C9362E252C4194A2001A9042 /* View */ = {
			isa = PBXGroup;
			children = (
				C9CB2C6D2C428B01004B0A0D /* CalendarLabelView.swift */,
				C9CB2C7A2C42CF33004B0A0D /* MoviePosterView.swift */,
			);
			path = View;
			sourceTree = "<group>";
		};
		C9362E262C4194A9001A9042 /* ViewModel */ = {
			isa = PBXGroup;
			children = (
				C9CB2C7E2C42D6E0004B0A0D /* MemoCalendarViewModel.swift */,
				C9CB2C7C2C42D6A7004B0A0D /* MemoDetailViewModel.swift */,
				C9CB2C872C44023B004B0A0D /* MemoTagViewModel.swift */,
				C9CB2C8B2C441CCF004B0A0D /* MemoDateViewModel.swift */,
			);
			path = ViewModel;
			sourceTree = "<group>";
		};
		C9362E272C4194AF001A9042 /* ViewController */ = {
			isa = PBXGroup;
			children = (
				C9362E282C4194C3001A9042 /* MemoCalendarViewController.swift */,
				C9CB2C722C42A7E6004B0A0D /* MemoDetailViewController.swift */,
				C9CB2C852C440042004B0A0D /* MemoTagViewController.swift */,
				C9CB2C892C4416DE004B0A0D /* MemoDateViewController.swift */,
			);
			path = ViewController;
			sourceTree = "<group>";
		};
		C9362E2A2C425CAC001A9042 /* Poster */ = {
			isa = PBXGroup;
			children = (
				C9362E2B2C425CB7001A9042 /* PosterResponseDTO.swift */,
				C9362E2D2C425CC9001A9042 /* PosterPathResponseDTO.swift */,
			);
			path = Poster;
			sourceTree = "<group>";
		};
		C95381C42C188786000A054D /* Search */ = {
			isa = PBXGroup;
			children = (
				C9362DF52C40F3C2001A9042 /* ViewModel */,
				C9362DF42C40F3BB001A9042 /* ViewController */,
				C9362DF32C40F3B5001A9042 /* View */,
			);
			path = Search;
			sourceTree = "<group>";
		};
		C959DBBC2C3D56E000F97C9A /* View */ = {
			isa = PBXGroup;
			children = (
				C9F5F1392C32E2D6002FAACE /* TrendMovieTitleCollectionViewCell.swift */,
				C9F5F1372C32DCA7002FAACE /* TrendMovieCollectionViewCell.swift */,
				C9F5F13E2C32F45B002FAACE /* TrendMovieCastCell.swift */,
				C9362E112C414B53001A9042 /* TrendTitleSupplementaryView.swift */,
			);
			path = View;
			sourceTree = "<group>";
		};
		C959DBE42C3E602900F97C9A /* Observable */ = {
			isa = PBXGroup;
			children = (
				C959DBE52C3E602F00F97C9A /* Observable.swift */,
			);
			path = Observable;
			sourceTree = "<group>";
		};
		C968A1E92C11AA45004947C7 /* Model */ = {
			isa = PBXGroup;
			children = (
				C9362E152C416F41001A9042 /* Realm */,
				C9F5F12D2C32BF5D002FAACE /* Response */,
				C9F5F1182C329305002FAACE /* DTO */,
				C9FA01BE2C2C551900E5C100 /* Endpoint */,
				C960DD062C454939007D78FA /* BasicButtonCase.swift */,
				C960DD082C456854007D78FA /* TrendDetailSectionKind.swift */,
			);
			path = Model;
			sourceTree = "<group>";
		};
		C9A538AA2C2E975600BA240A /* Tabbar */ = {
			isa = PBXGroup;
			children = (
				C9A538AB2C2E976400BA240A /* MovieTabbarController.swift */,
				C9A538AD2C2E990900BA240A /* TabbarCase.swift */,
			);
			path = Tabbar;
			sourceTree = "<group>";
		};
		C9A538AF2C2EBD0800BA240A /* Base */ = {
			isa = PBXGroup;
			children = (
				C9A538B02C2EBD1D00BA240A /* BaseViewController.swift */,
				C9A538B42C2EBF1200BA240A /* ViewCase.swift */,
				C9A538BB2C2F110400BA240A /* BaseView.swift */,
				C9F5F13B2C32E2FA002FAACE /* BaseCollectionViewCell.swift */,
			);
			path = Base;
			sourceTree = "<group>";
		};
		C9BD15692C0EFEB20049787E = {
			isa = PBXGroup;
			children = (
				C9BD15742C0EFEB20049787E /* MediaProject */,
				C9BD15732C0EFEB20049787E /* Products */,
			);
			sourceTree = "<group>";
		};
		C9BD15732C0EFEB20049787E /* Products */ = {
			isa = PBXGroup;
			children = (
				C9BD15722C0EFEB20049787E /* MediaProject.app */,
			);
			name = Products;
			sourceTree = "<group>";
		};
		C9BD15742C0EFEB20049787E /* MediaProject */ = {
			isa = PBXGroup;
			children = (
				C9FA01BD2C2C54A200E5C100 /* Resources */,
				C9FA01BC2C2C549400E5C100 /* Sources */,
				C968A1E52C11A684004947C7 /* Config.xcconfig */,
			);
			path = MediaProject;
			sourceTree = "<group>";
		};
		C9BD15962C0F21140049787E /* Extension */ = {
			isa = PBXGroup;
			children = (
				C9BD15942C0F20E20049787E /* UITextField+.swift */,
				C968A1D72C118EE1004947C7 /* UITableViewCell+.swift */,
				C968A1EF2C11B534004947C7 /* UIViewController+.swift */,
				C95381C92C189B77000A054D /* UICollectionViewCell+.swift */,
				C912D7212C29BE6100361F66 /* UILabel+.swift */,
				C9CB2C832C42D793004B0A0D /* String+.swift */,
				C91E527F2C4B93370043BAC3 /* Date+.swift */,
			);
			path = Extension;
			sourceTree = "<group>";
		};
		C9CB2C6F2C428C36004B0A0D /* CustomView */ = {
			isa = PBXGroup;
			children = (
				C9CB2C702C428C54004B0A0D /* PaddingLabel.swift */,
				C9CB2C742C42AE93004B0A0D /* MemoBasicButton.swift */,
				C9CB2C762C42B69D004B0A0D /* MemoTextField.swift */,
				C9CB2C782C42C242004B0A0D /* MemoTextView.swift */,
			);
			path = CustomView;
			sourceTree = "<group>";
		};
		C9CB2C822C42D781004B0A0D /* DateChanger */ = {
			isa = PBXGroup;
			children = (
				C9CB2C802C42D77F004B0A0D /* DateChanger.swift */,
			);
			path = DateChanger;
			sourceTree = "<group>";
		};
		C9F5F1182C329305002FAACE /* DTO */ = {
			isa = PBXGroup;
			children = (
				C91E52812C4BC42E0043BAC3 /* Similar */,
				C9362E2A2C425CAC001A9042 /* Poster */,
				C9362E0A2C413C54001A9042 /* MovieCredit */,
				C9362E052C4139EC001A9042 /* Search */,
				C9F5F1342C32C179002FAACE /* TrendTV */,
				C9F5F1332C32C16F002FAACE /* TrendMovie */,
				C9F5F1322C32C165002FAACE /* Video */,
			);
			path = DTO;
			sourceTree = "<group>";
		};
		C9F5F11D2C329D12002FAACE /* Trend */ = {
			isa = PBXGroup;
			children = (
				C9362DEF2C40F349001A9042 /* MovieTrendDetail */,
				C9362DEC2C40F305001A9042 /* MovieTrend */,
			);
			path = Trend;
			sourceTree = "<group>";
		};
		C9F5F1222C32BE6B002FAACE /* Error */ = {
			isa = PBXGroup;
			children = (
				C9F5F1232C32BE78002FAACE /* NetworkError.swift */,
			);
			path = Error;
			sourceTree = "<group>";
		};
		C9F5F12D2C32BF5D002FAACE /* Response */ = {
			isa = PBXGroup;
			children = (
				C9FA01B62C2B288200E5C100 /* PosterResponse.swift */,
				C9F5F1152C328B21002FAACE /* MovieVideoResponse.swift */,
				C9F5F12E2C32BF69002FAACE /* TrendMovieResponse.swift */,
				C9F5F1302C32C037002FAACE /* TrendTVResponse.swift */,
				C9362E032C41364B001A9042 /* SearchMovieResponse.swift */,
				C999FDEE2C175ACC00855246 /* MovieCreditResponse.swift */,
				C999FDDC2C17480C00855246 /* SimilarMoviesResponse.swift */,
			);
			path = Response;
			sourceTree = "<group>";
		};
		C9F5F1322C32C165002FAACE /* Video */ = {
			isa = PBXGroup;
			children = (
				C9F5F1192C32931D002FAACE /* MovieVideoResponseDTO.swift */,
				C9F5F11B2C329364002FAACE /* VideoResponseDTO.swift */,
			);
			path = Video;
			sourceTree = "<group>";
		};
		C9F5F1332C32C16F002FAACE /* TrendMovie */ = {
			isa = PBXGroup;
			children = (
				C9F5F1252C32BF00002FAACE /* TrendMovieResponseDTO.swift */,
				C9F5F1272C32BF1F002FAACE /* MovieResponseDTO.swift */,
			);
			path = TrendMovie;
			sourceTree = "<group>";
		};
		C9F5F1342C32C179002FAACE /* TrendTV */ = {
			isa = PBXGroup;
			children = (
				C9F5F1292C32BF3D002FAACE /* TrendTVResponseDTO.swift */,
				C9F5F12B2C32BF49002FAACE /* TVResponseDTO.swift */,
			);
			path = TrendTV;
			sourceTree = "<group>";
		};
		C9FA01BA2C2C545300E5C100 /* Constant */ = {
			isa = PBXGroup;
			children = (
				C912D7152C295CE100361F66 /* Constant.swift */,
			);
			path = Constant;
			sourceTree = "<group>";
		};
		C9FA01BB2C2C545B00E5C100 /* App */ = {
			isa = PBXGroup;
			children = (
				C9BD15752C0EFEB20049787E /* AppDelegate.swift */,
				C9BD15772C0EFEB20049787E /* SceneDelegate.swift */,
			);
			path = App;
			sourceTree = "<group>";
		};
		C9FA01BC2C2C549400E5C100 /* Sources */ = {
			isa = PBXGroup;
			children = (
				C959DBE42C3E602900F97C9A /* Observable */,
				C9FA01BB2C2C545B00E5C100 /* App */,
				C968A1E92C11AA45004947C7 /* Model */,
				C9FA01C02C2C55A100E5C100 /* Presentation */,
				C9FA01BF2C2C555B00E5C100 /* Utility */,
			);
			path = Sources;
			sourceTree = "<group>";
		};
		C9FA01BD2C2C54A200E5C100 /* Resources */ = {
			isa = PBXGroup;
			children = (
				C9BD15832C0EFEB30049787E /* Info.plist */,
				C9BD15802C0EFEB30049787E /* LaunchScreen.storyboard */,
				C9BD157E2C0EFEB30049787E /* Assets.xcassets */,
			);
			path = Resources;
			sourceTree = "<group>";
		};
		C9FA01BE2C2C551900E5C100 /* Endpoint */ = {
			isa = PBXGroup;
			children = (
				C9FA01AC2C2B021700E5C100 /* _HTTPMethod.swift */,
				C9FA01AA2C2B00E700E5C100 /* Endpoint.swift */,
				C9FA01C12C2C769900E5C100 /* NetworkRequest.swift */,
				C9362DFA2C411932001A9042 /* VideoRequest.swift */,
			);
			path = Endpoint;
			sourceTree = "<group>";
		};
		C9FA01BF2C2C555B00E5C100 /* Utility */ = {
			isa = PBXGroup;
			children = (
				C9CB2C822C42D781004B0A0D /* DateChanger */,
				C9CB2C6F2C428C36004B0A0D /* CustomView */,
				C9362E1F2C4177A9001A9042 /* RealmRepository */,
				C912D7172C29637A00361F66 /* Network */,
				C9FA01BA2C2C545300E5C100 /* Constant */,
				C9BD15962C0F21140049787E /* Extension */,
			);
			path = Utility;
			sourceTree = "<group>";
		};
		C9FA01C02C2C55A100E5C100 /* Presentation */ = {
			isa = PBXGroup;
			children = (
				C9BD15902C0F18AF0049787E /* JoinViewController.swift */,
				C9A538AA2C2E975600BA240A /* Tabbar */,
				C9A538AF2C2EBD0800BA240A /* Base */,
				C9F5F11D2C329D12002FAACE /* Trend */,
				C95381C42C188786000A054D /* Search */,
				C9362E242C419414001A9042 /* Memo */,
			);
			path = Presentation;
			sourceTree = "<group>";
		};
/* End PBXGroup section */

/* Begin PBXNativeTarget section */
		C9BD15712C0EFEB20049787E /* MediaProject */ = {
			isa = PBXNativeTarget;
			buildConfigurationList = C9BD15862C0EFEB30049787E /* Build configuration list for PBXNativeTarget "MediaProject" */;
			buildPhases = (
				C9BD156E2C0EFEB20049787E /* Sources */,
				C9BD156F2C0EFEB20049787E /* Frameworks */,
				C9BD15702C0EFEB20049787E /* Resources */,
			);
			buildRules = (
			);
			dependencies = (
			);
			name = MediaProject;
			packageProductDependencies = (
				C91E52872C4BE3840043BAC3 /* SnapKit */,
				C91E528A2C4BE3B30043BAC3 /* FSCalendar */,
				C91E528D2C4BE3D00043BAC3 /* RealmSwift */,
			);
			productName = MediaProject;
			productReference = C9BD15722C0EFEB20049787E /* MediaProject.app */;
			productType = "com.apple.product-type.application";
		};
/* End PBXNativeTarget section */

/* Begin PBXProject section */
		C9BD156A2C0EFEB20049787E /* Project object */ = {
			isa = PBXProject;
			attributes = {
				BuildIndependentTargetsInParallel = 1;
				LastSwiftUpdateCheck = 1530;
				LastUpgradeCheck = 1530;
				TargetAttributes = {
					C9BD15712C0EFEB20049787E = {
						CreatedOnToolsVersion = 15.3;
					};
				};
			};
			buildConfigurationList = C9BD156D2C0EFEB20049787E /* Build configuration list for PBXProject "MediaProject" */;
			compatibilityVersion = "Xcode 14.0";
			developmentRegion = en;
			hasScannedForEncodings = 0;
			knownRegions = (
				en,
				Base,
			);
			mainGroup = C9BD15692C0EFEB20049787E;
			packageReferences = (
				C91E52862C4BE3840043BAC3 /* XCRemoteSwiftPackageReference "SnapKit" */,
				C91E52892C4BE3B30043BAC3 /* XCRemoteSwiftPackageReference "FSCalendar" */,
				C91E528C2C4BE3D00043BAC3 /* XCRemoteSwiftPackageReference "realm-swift" */,
			);
			productRefGroup = C9BD15732C0EFEB20049787E /* Products */;
			projectDirPath = "";
			projectRoot = "";
			targets = (
				C9BD15712C0EFEB20049787E /* MediaProject */,
			);
		};
/* End PBXProject section */

/* Begin PBXResourcesBuildPhase section */
		C9BD15702C0EFEB20049787E /* Resources */ = {
			isa = PBXResourcesBuildPhase;
			buildActionMask = 2147483647;
			files = (
				C9BD157F2C0EFEB30049787E /* Assets.xcassets in Resources */,
				C9BD15822C0EFEB30049787E /* Base in Resources */,
			);
			runOnlyForDeploymentPostprocessing = 0;
		};
/* End PBXResourcesBuildPhase section */

/* Begin PBXSourcesBuildPhase section */
		C9BD156E2C0EFEB20049787E /* Sources */ = {
			isa = PBXSourcesBuildPhase;
			buildActionMask = 2147483647;
			files = (
				C968A1D82C118EE1004947C7 /* UITableViewCell+.swift in Sources */,
				C9362DFB2C411932001A9042 /* VideoRequest.swift in Sources */,
				C960DD092C456854007D78FA /* TrendDetailSectionKind.swift in Sources */,
				C9362E172C416FD5001A9042 /* MovieFavorites.swift in Sources */,
				C960DD072C454939007D78FA /* BasicButtonCase.swift in Sources */,
				C9F5F13C2C32E2FA002FAACE /* BaseCollectionViewCell.swift in Sources */,
				C9CB2C812C42D77F004B0A0D /* DateChanger.swift in Sources */,
				C9A538BA2C2F10D400BA240A /* EmptyView.swift in Sources */,
				C9CB2C7D2C42D6A7004B0A0D /* MemoDetailViewModel.swift in Sources */,
				C91E52802C4B93370043BAC3 /* Date+.swift in Sources */,
				C9BD15912C0F18AF0049787E /* JoinViewController.swift in Sources */,
				C9F5F1312C32C037002FAACE /* TrendTVResponse.swift in Sources */,
				C9CB2C6E2C428B01004B0A0D /* CalendarLabelView.swift in Sources */,
				C9362E292C4194C3001A9042 /* MemoCalendarViewController.swift in Sources */,
				C9CB2C882C44023B004B0A0D /* MemoTagViewModel.swift in Sources */,
				C9CB2C7F2C42D6E0004B0A0D /* MemoCalendarViewModel.swift in Sources */,
				C9362E0E2C413C8A001A9042 /* CastResponseDTO.swift in Sources */,
				C9362E232C4177BF001A9042 /* MovieRepository.swift in Sources */,
				C9F5F11F2C329D29002FAACE /* NewTrendViewController.swift in Sources */,
				C9F5F1362C32D2BB002FAACE /* TrendMovieDetailViewController.swift in Sources */,
				C9CB2C732C42A7E6004B0A0D /* MemoDetailViewController.swift in Sources */,
				C9A538BC2C2F110400BA240A /* BaseView.swift in Sources */,
				C999FDDD2C17480C00855246 /* SimilarMoviesResponse.swift in Sources */,
				C9F5F1212C32B286002FAACE /* TrendCollectionViewCell.swift in Sources */,
				C9F5F11C2C329364002FAACE /* VideoResponseDTO.swift in Sources */,
				C9362DF72C40F3D7001A9042 /* SearchViewModel.swift in Sources */,
				C9362DFF2C4124BD001A9042 /* VideoWebViewModel.swift in Sources */,
				C91E52832C4BC43E0043BAC3 /* SimilarMoviesDTO.swift in Sources */,
				C912D7222C29BE6100361F66 /* UILabel+.swift in Sources */,
				C999FDEF2C175ACC00855246 /* MovieCreditResponse.swift in Sources */,
				C9CB2C752C42AE93004B0A0D /* MemoBasicButton.swift in Sources */,
				C9362E122C414B53001A9042 /* TrendTitleSupplementaryView.swift in Sources */,
				C9CB2C7B2C42CF33004B0A0D /* MoviePosterView.swift in Sources */,
				C9A538B12C2EBD1D00BA240A /* BaseViewController.swift in Sources */,
				C9FA01C22C2C769900E5C100 /* NetworkRequest.swift in Sources */,
				C9FA01AB2C2B00E700E5C100 /* Endpoint.swift in Sources */,
				C9BD15952C0F20E20049787E /* UITextField+.swift in Sources */,
				C959DBE62C3E602F00F97C9A /* Observable.swift in Sources */,
				C9A538AC2C2E976400BA240A /* MovieTabbarController.swift in Sources */,
				C9362E212C4177B7001A9042 /* FavoriteRepository.swift in Sources */,
				C9F5F13F2C32F45B002FAACE /* TrendMovieCastCell.swift in Sources */,
				C9362E0C2C413C81001A9042 /* MovieCreditResponseDTO.swift in Sources */,
				C9362DFD2C411CDB001A9042 /* VideoWebViewController.swift in Sources */,
				C9362E092C413A20001A9042 /* SearchMovieResponseDTO.swift in Sources */,
				C9F5F1242C32BE78002FAACE /* NetworkError.swift in Sources */,
				C959DBE32C3E602200F97C9A /* TrendViewModel.swift in Sources */,
				C95381CA2C189B77000A054D /* UICollectionViewCell+.swift in Sources */,
				C986EF6F2C4029C400BF603D /* TrendDetailViewModel.swift in Sources */,
				C9BD15762C0EFEB20049787E /* AppDelegate.swift in Sources */,
				C95381C62C189A65000A054D /* SearchViewController.swift in Sources */,
				C9362E042C41364B001A9042 /* SearchMovieResponse.swift in Sources */,
				C9CB2C862C440042004B0A0D /* MemoTagViewController.swift in Sources */,
				C9F5F1162C328B21002FAACE /* MovieVideoResponse.swift in Sources */,
				C9F5F13A2C32E2D6002FAACE /* TrendMovieTitleCollectionViewCell.swift in Sources */,
				C9F5F12C2C32BF49002FAACE /* TVResponseDTO.swift in Sources */,
				C968A1F02C11B534004947C7 /* UIViewController+.swift in Sources */,
				C912D7162C295CE100361F66 /* Constant.swift in Sources */,
				C9F5F1262C32BF00002FAACE /* TrendMovieResponseDTO.swift in Sources */,
				C95381C82C189A84000A054D /* SearchMovieCollectionViewCell.swift in Sources */,
				C9CB2C8C2C441CCF004B0A0D /* MemoDateViewModel.swift in Sources */,
				C9BD15782C0EFEB20049787E /* SceneDelegate.swift in Sources */,
				C912D7192C29638600361F66 /* NetworkService.swift in Sources */,
				C9F5F1382C32DCA7002FAACE /* TrendMovieCollectionViewCell.swift in Sources */,
				C9CB2C772C42B69D004B0A0D /* MemoTextField.swift in Sources */,
				C9A538AE2C2E990900BA240A /* TabbarCase.swift in Sources */,
				C9362E1C2C417147001A9042 /* MovieMemo.swift in Sources */,
				C9CB2C792C42C242004B0A0D /* MemoTextView.swift in Sources */,
				C9A538B52C2EBF1200BA240A /* ViewCase.swift in Sources */,
				C9362E072C4139FE001A9042 /* SearchResponseDTO.swift in Sources */,
				C9FA01B72C2B288200E5C100 /* PosterResponse.swift in Sources */,
				C9CB2C842C42D793004B0A0D /* String+.swift in Sources */,
				C9362E1E2C417677001A9042 /* Movie.swift in Sources */,
				C9F5F12A2C32BF3D002FAACE /* TrendTVResponseDTO.swift in Sources */,
				C9CB2C712C428C54004B0A0D /* PaddingLabel.swift in Sources */,
				C9F5F1282C32BF1F002FAACE /* MovieResponseDTO.swift in Sources */,
				C9FA01AD2C2B021700E5C100 /* _HTTPMethod.swift in Sources */,
				C9362E2C2C425CB7001A9042 /* PosterResponseDTO.swift in Sources */,
				C9F5F12F2C32BF69002FAACE /* TrendMovieResponse.swift in Sources */,
				C9362E2E2C425CC9001A9042 /* PosterPathResponseDTO.swift in Sources */,
				C9CB2C8A2C4416DE004B0A0D /* MemoDateViewController.swift in Sources */,
				C9F5F11A2C32931D002FAACE /* MovieVideoResponseDTO.swift in Sources */,
			);
			runOnlyForDeploymentPostprocessing = 0;
		};
/* End PBXSourcesBuildPhase section */

/* Begin PBXVariantGroup section */
		C9BD15802C0EFEB30049787E /* LaunchScreen.storyboard */ = {
			isa = PBXVariantGroup;
			children = (
				C9BD15812C0EFEB30049787E /* Base */,
			);
			name = LaunchScreen.storyboard;
			sourceTree = "<group>";
		};
/* End PBXVariantGroup section */

/* Begin XCBuildConfiguration section */
		C9BD15842C0EFEB30049787E /* Debug */ = {
			isa = XCBuildConfiguration;
			baseConfigurationReference = C968A1E52C11A684004947C7 /* Config.xcconfig */;
			buildSettings = {
				ALWAYS_SEARCH_USER_PATHS = NO;
				ASSETCATALOG_COMPILER_GENERATE_SWIFT_ASSET_SYMBOL_EXTENSIONS = YES;
				CLANG_ANALYZER_NONNULL = YES;
				CLANG_ANALYZER_NUMBER_OBJECT_CONVERSION = YES_AGGRESSIVE;
				CLANG_CXX_LANGUAGE_STANDARD = "gnu++20";
				CLANG_ENABLE_MODULES = YES;
				CLANG_ENABLE_OBJC_ARC = YES;
				CLANG_ENABLE_OBJC_WEAK = YES;
				CLANG_WARN_BLOCK_CAPTURE_AUTORELEASING = YES;
				CLANG_WARN_BOOL_CONVERSION = YES;
				CLANG_WARN_COMMA = YES;
				CLANG_WARN_CONSTANT_CONVERSION = YES;
				CLANG_WARN_DEPRECATED_OBJC_IMPLEMENTATIONS = YES;
				CLANG_WARN_DIRECT_OBJC_ISA_USAGE = YES_ERROR;
				CLANG_WARN_DOCUMENTATION_COMMENTS = YES;
				CLANG_WARN_EMPTY_BODY = YES;
				CLANG_WARN_ENUM_CONVERSION = YES;
				CLANG_WARN_INFINITE_RECURSION = YES;
				CLANG_WARN_INT_CONVERSION = YES;
				CLANG_WARN_NON_LITERAL_NULL_CONVERSION = YES;
				CLANG_WARN_OBJC_IMPLICIT_RETAIN_SELF = YES;
				CLANG_WARN_OBJC_LITERAL_CONVERSION = YES;
				CLANG_WARN_OBJC_ROOT_CLASS = YES_ERROR;
				CLANG_WARN_QUOTED_INCLUDE_IN_FRAMEWORK_HEADER = YES;
				CLANG_WARN_RANGE_LOOP_ANALYSIS = YES;
				CLANG_WARN_STRICT_PROTOTYPES = YES;
				CLANG_WARN_SUSPICIOUS_MOVE = YES;
				CLANG_WARN_UNGUARDED_AVAILABILITY = YES_AGGRESSIVE;
				CLANG_WARN_UNREACHABLE_CODE = YES;
				CLANG_WARN__DUPLICATE_METHOD_MATCH = YES;
				COPY_PHASE_STRIP = NO;
				DEBUG_INFORMATION_FORMAT = dwarf;
				ENABLE_STRICT_OBJC_MSGSEND = YES;
				ENABLE_TESTABILITY = YES;
				ENABLE_USER_SCRIPT_SANDBOXING = YES;
				GCC_C_LANGUAGE_STANDARD = gnu17;
				GCC_DYNAMIC_NO_PIC = NO;
				GCC_NO_COMMON_BLOCKS = YES;
				GCC_OPTIMIZATION_LEVEL = 0;
				GCC_PREPROCESSOR_DEFINITIONS = (
					"DEBUG=1",
					"$(inherited)",
				);
				GCC_WARN_64_TO_32_BIT_CONVERSION = YES;
				GCC_WARN_ABOUT_RETURN_TYPE = YES_ERROR;
				GCC_WARN_UNDECLARED_SELECTOR = YES;
				GCC_WARN_UNINITIALIZED_AUTOS = YES_AGGRESSIVE;
				GCC_WARN_UNUSED_FUNCTION = YES;
				GCC_WARN_UNUSED_VARIABLE = YES;
				IPHONEOS_DEPLOYMENT_TARGET = 17.4;
				LOCALIZATION_PREFERS_STRING_CATALOGS = YES;
				MTL_ENABLE_DEBUG_INFO = INCLUDE_SOURCE;
				MTL_FAST_MATH = YES;
				ONLY_ACTIVE_ARCH = YES;
				SDKROOT = iphoneos;
				SWIFT_ACTIVE_COMPILATION_CONDITIONS = "DEBUG $(inherited)";
				SWIFT_OPTIMIZATION_LEVEL = "-Onone";
			};
			name = Debug;
		};
		C9BD15852C0EFEB30049787E /* Release */ = {
			isa = XCBuildConfiguration;
			buildSettings = {
				ALWAYS_SEARCH_USER_PATHS = NO;
				ASSETCATALOG_COMPILER_GENERATE_SWIFT_ASSET_SYMBOL_EXTENSIONS = YES;
				CLANG_ANALYZER_NONNULL = YES;
				CLANG_ANALYZER_NUMBER_OBJECT_CONVERSION = YES_AGGRESSIVE;
				CLANG_CXX_LANGUAGE_STANDARD = "gnu++20";
				CLANG_ENABLE_MODULES = YES;
				CLANG_ENABLE_OBJC_ARC = YES;
				CLANG_ENABLE_OBJC_WEAK = YES;
				CLANG_WARN_BLOCK_CAPTURE_AUTORELEASING = YES;
				CLANG_WARN_BOOL_CONVERSION = YES;
				CLANG_WARN_COMMA = YES;
				CLANG_WARN_CONSTANT_CONVERSION = YES;
				CLANG_WARN_DEPRECATED_OBJC_IMPLEMENTATIONS = YES;
				CLANG_WARN_DIRECT_OBJC_ISA_USAGE = YES_ERROR;
				CLANG_WARN_DOCUMENTATION_COMMENTS = YES;
				CLANG_WARN_EMPTY_BODY = YES;
				CLANG_WARN_ENUM_CONVERSION = YES;
				CLANG_WARN_INFINITE_RECURSION = YES;
				CLANG_WARN_INT_CONVERSION = YES;
				CLANG_WARN_NON_LITERAL_NULL_CONVERSION = YES;
				CLANG_WARN_OBJC_IMPLICIT_RETAIN_SELF = YES;
				CLANG_WARN_OBJC_LITERAL_CONVERSION = YES;
				CLANG_WARN_OBJC_ROOT_CLASS = YES_ERROR;
				CLANG_WARN_QUOTED_INCLUDE_IN_FRAMEWORK_HEADER = YES;
				CLANG_WARN_RANGE_LOOP_ANALYSIS = YES;
				CLANG_WARN_STRICT_PROTOTYPES = YES;
				CLANG_WARN_SUSPICIOUS_MOVE = YES;
				CLANG_WARN_UNGUARDED_AVAILABILITY = YES_AGGRESSIVE;
				CLANG_WARN_UNREACHABLE_CODE = YES;
				CLANG_WARN__DUPLICATE_METHOD_MATCH = YES;
				COPY_PHASE_STRIP = NO;
				DEBUG_INFORMATION_FORMAT = "dwarf-with-dsym";
				ENABLE_NS_ASSERTIONS = NO;
				ENABLE_STRICT_OBJC_MSGSEND = YES;
				ENABLE_USER_SCRIPT_SANDBOXING = YES;
				GCC_C_LANGUAGE_STANDARD = gnu17;
				GCC_NO_COMMON_BLOCKS = YES;
				GCC_WARN_64_TO_32_BIT_CONVERSION = YES;
				GCC_WARN_ABOUT_RETURN_TYPE = YES_ERROR;
				GCC_WARN_UNDECLARED_SELECTOR = YES;
				GCC_WARN_UNINITIALIZED_AUTOS = YES_AGGRESSIVE;
				GCC_WARN_UNUSED_FUNCTION = YES;
				GCC_WARN_UNUSED_VARIABLE = YES;
				IPHONEOS_DEPLOYMENT_TARGET = 17.4;
				LOCALIZATION_PREFERS_STRING_CATALOGS = YES;
				MTL_ENABLE_DEBUG_INFO = NO;
				MTL_FAST_MATH = YES;
				SDKROOT = iphoneos;
				SWIFT_COMPILATION_MODE = wholemodule;
				VALIDATE_PRODUCT = YES;
			};
			name = Release;
		};
		C9BD15872C0EFEB30049787E /* Debug */ = {
			isa = XCBuildConfiguration;
			baseConfigurationReference = C968A1E52C11A684004947C7 /* Config.xcconfig */;
			buildSettings = {
				ASSETCATALOG_COMPILER_APPICON_NAME = AppIcon;
				ASSETCATALOG_COMPILER_GLOBAL_ACCENT_COLOR_NAME = AccentColor;
				CODE_SIGN_STYLE = Automatic;
				CURRENT_PROJECT_VERSION = 1;
				DEVELOPMENT_TEAM = T4W7695R5C;
				GENERATE_INFOPLIST_FILE = YES;
				INFOPLIST_FILE = MediaProject/Resources/Info.plist;
				INFOPLIST_KEY_UIApplicationSupportsIndirectInputEvents = YES;
				INFOPLIST_KEY_UILaunchStoryboardName = LaunchScreen;
				INFOPLIST_KEY_UISupportedInterfaceOrientations = UIInterfaceOrientationPortrait;
				INFOPLIST_KEY_UISupportedInterfaceOrientations_iPad = UIInterfaceOrientationPortrait;
				IPHONEOS_DEPLOYMENT_TARGET = 16.0;
				LD_RUNPATH_SEARCH_PATHS = (
					"$(inherited)",
					"@executable_path/Frameworks",
				);
				MARKETING_VERSION = 1.0;
				PRODUCT_BUNDLE_IDENTIFIER = com.jisooHAM.MediaProject;
				PRODUCT_NAME = "$(TARGET_NAME)";
				SUPPORTED_PLATFORMS = "iphoneos iphonesimulator";
				SUPPORTS_MACCATALYST = NO;
				SUPPORTS_MAC_DESIGNED_FOR_IPHONE_IPAD = NO;
				SUPPORTS_XR_DESIGNED_FOR_IPHONE_IPAD = NO;
				SWIFT_EMIT_LOC_STRINGS = YES;
				SWIFT_VERSION = 5.0;
				TARGETED_DEVICE_FAMILY = 1;
			};
			name = Debug;
		};
		C9BD15882C0EFEB30049787E /* Release */ = {
			isa = XCBuildConfiguration;
			buildSettings = {
				ASSETCATALOG_COMPILER_APPICON_NAME = AppIcon;
				ASSETCATALOG_COMPILER_GLOBAL_ACCENT_COLOR_NAME = AccentColor;
				CODE_SIGN_STYLE = Automatic;
				CURRENT_PROJECT_VERSION = 1;
				DEVELOPMENT_TEAM = T4W7695R5C;
				GENERATE_INFOPLIST_FILE = YES;
				INFOPLIST_FILE = MediaProject/Resources/Info.plist;
				INFOPLIST_KEY_UIApplicationSupportsIndirectInputEvents = YES;
				INFOPLIST_KEY_UILaunchStoryboardName = LaunchScreen;
				INFOPLIST_KEY_UISupportedInterfaceOrientations = UIInterfaceOrientationPortrait;
				INFOPLIST_KEY_UISupportedInterfaceOrientations_iPad = UIInterfaceOrientationPortrait;
				IPHONEOS_DEPLOYMENT_TARGET = 16.0;
				LD_RUNPATH_SEARCH_PATHS = (
					"$(inherited)",
					"@executable_path/Frameworks",
				);
				MARKETING_VERSION = 1.0;
				PRODUCT_BUNDLE_IDENTIFIER = com.jisooHAM.MediaProject;
				PRODUCT_NAME = "$(TARGET_NAME)";
				SUPPORTED_PLATFORMS = "iphoneos iphonesimulator";
				SUPPORTS_MACCATALYST = NO;
				SUPPORTS_MAC_DESIGNED_FOR_IPHONE_IPAD = NO;
				SUPPORTS_XR_DESIGNED_FOR_IPHONE_IPAD = NO;
				SWIFT_EMIT_LOC_STRINGS = YES;
				SWIFT_VERSION = 5.0;
				TARGETED_DEVICE_FAMILY = 1;
			};
			name = Release;
		};
/* End XCBuildConfiguration section */

/* Begin XCConfigurationList section */
		C9BD156D2C0EFEB20049787E /* Build configuration list for PBXProject "MediaProject" */ = {
			isa = XCConfigurationList;
			buildConfigurations = (
				C9BD15842C0EFEB30049787E /* Debug */,
				C9BD15852C0EFEB30049787E /* Release */,
			);
			defaultConfigurationIsVisible = 0;
			defaultConfigurationName = Release;
		};
		C9BD15862C0EFEB30049787E /* Build configuration list for PBXNativeTarget "MediaProject" */ = {
			isa = XCConfigurationList;
			buildConfigurations = (
				C9BD15872C0EFEB30049787E /* Debug */,
				C9BD15882C0EFEB30049787E /* Release */,
			);
			defaultConfigurationIsVisible = 0;
			defaultConfigurationName = Release;
		};
/* End XCConfigurationList section */

/* Begin XCRemoteSwiftPackageReference section */
		C91E52862C4BE3840043BAC3 /* XCRemoteSwiftPackageReference "SnapKit" */ = {
			isa = XCRemoteSwiftPackageReference;
			repositoryURL = "https://github.com/SnapKit/SnapKit.git";
			requirement = {
				kind = upToNextMajorVersion;
				minimumVersion = 5.7.1;
			};
		};
		C91E52892C4BE3B30043BAC3 /* XCRemoteSwiftPackageReference "FSCalendar" */ = {
			isa = XCRemoteSwiftPackageReference;
			repositoryURL = "https://github.com/WenchaoD/FSCalendar.git";
			requirement = {
				kind = upToNextMajorVersion;
				minimumVersion = 2.8.4;
			};
		};
		C91E528C2C4BE3D00043BAC3 /* XCRemoteSwiftPackageReference "realm-swift" */ = {
			isa = XCRemoteSwiftPackageReference;
			repositoryURL = "https://github.com/realm/realm-swift.git";
			requirement = {
				kind = exactVersion;
				version = 10.52.1;
			};
		};
/* End XCRemoteSwiftPackageReference section */

/* Begin XCSwiftPackageProductDependency section */
		C91E52872C4BE3840043BAC3 /* SnapKit */ = {
			isa = XCSwiftPackageProductDependency;
			package = C91E52862C4BE3840043BAC3 /* XCRemoteSwiftPackageReference "SnapKit" */;
			productName = SnapKit;
		};
		C91E528A2C4BE3B30043BAC3 /* FSCalendar */ = {
			isa = XCSwiftPackageProductDependency;
			package = C91E52892C4BE3B30043BAC3 /* XCRemoteSwiftPackageReference "FSCalendar" */;
			productName = FSCalendar;
		};
		C91E528D2C4BE3D00043BAC3 /* RealmSwift */ = {
			isa = XCSwiftPackageProductDependency;
			package = C91E528C2C4BE3D00043BAC3 /* XCRemoteSwiftPackageReference "realm-swift" */;
			productName = RealmSwift;
		};
/* End XCSwiftPackageProductDependency section */
	};
	rootObject = C9BD156A2C0EFEB20049787E /* Project object */;
}
