// !$*UTF8*$!
{
	archiveVersion = 1;
	classes = {
	};
	objectVersion = 56;
	objects = {

/* Begin PBXBuildFile section */
		C912D7162C295CE100361F66 /* Constant.swift in Sources */ = {isa = PBXBuildFile; fileRef = C912D7152C295CE100361F66 /* Constant.swift */; };
		C912D7192C29638600361F66 /* NetworkService.swift in Sources */ = {isa = PBXBuildFile; fileRef = C912D7182C29638600361F66 /* NetworkService.swift */; };
		C912D71B2C29B79100361F66 /* SimilarMovies.swift in Sources */ = {isa = PBXBuildFile; fileRef = C912D71A2C29B79100361F66 /* SimilarMovies.swift */; };
		C912D71E2C29BAFC00361F66 /* MoviesCollectionViewCell.swift in Sources */ = {isa = PBXBuildFile; fileRef = C912D71D2C29BAFC00361F66 /* MoviesCollectionViewCell.swift */; };
		C912D7222C29BE6100361F66 /* UILabel+.swift in Sources */ = {isa = PBXBuildFile; fileRef = C912D7212C29BE6100361F66 /* UILabel+.swift */; };
		C95381C62C189A65000A054D /* SearchViewController.swift in Sources */ = {isa = PBXBuildFile; fileRef = C95381C52C189A65000A054D /* SearchViewController.swift */; };
		C95381C82C189A84000A054D /* SearchMovieCollectionViewCell.swift in Sources */ = {isa = PBXBuildFile; fileRef = C95381C72C189A84000A054D /* SearchMovieCollectionViewCell.swift */; };
		C95381CA2C189B77000A054D /* UICollectionViewCell+.swift in Sources */ = {isa = PBXBuildFile; fileRef = C95381C92C189B77000A054D /* UICollectionViewCell+.swift */; };
		C95381CC2C18A12B000A054D /* SearchedMovie.swift in Sources */ = {isa = PBXBuildFile; fileRef = C95381CB2C18A12B000A054D /* SearchedMovie.swift */; };
		C968A1D82C118EE1004947C7 /* UITableViewCell+.swift in Sources */ = {isa = PBXBuildFile; fileRef = C968A1D72C118EE1004947C7 /* UITableViewCell+.swift */; };
		C968A1E42C11A61C004947C7 /* SnapKit in Frameworks */ = {isa = PBXBuildFile; productRef = C968A1E32C11A61C004947C7 /* SnapKit */; };
		C968A1EB2C11AA50004947C7 /* Movie.swift in Sources */ = {isa = PBXBuildFile; fileRef = C968A1EA2C11AA50004947C7 /* Movie.swift */; };
		C968A1EE2C11AB08004947C7 /* Alamofire in Frameworks */ = {isa = PBXBuildFile; productRef = C968A1ED2C11AB08004947C7 /* Alamofire */; };
		C968A1F02C11B534004947C7 /* UIViewController+.swift in Sources */ = {isa = PBXBuildFile; fileRef = C968A1EF2C11B534004947C7 /* UIViewController+.swift */; };
		C999FDD82C17465300855246 /* Kingfisher in Frameworks */ = {isa = PBXBuildFile; productRef = C999FDD72C17465300855246 /* Kingfisher */; };
		C999FDDB2C1746AB00855246 /* TrendMovieViewController.swift in Sources */ = {isa = PBXBuildFile; fileRef = C999FDDA2C1746AB00855246 /* TrendMovieViewController.swift */; };
		C999FDDD2C17480C00855246 /* Trend.swift in Sources */ = {isa = PBXBuildFile; fileRef = C999FDDC2C17480C00855246 /* Trend.swift */; };
		C999FDDF2C17483100855246 /* TrendTableViewCell.swift in Sources */ = {isa = PBXBuildFile; fileRef = C999FDDE2C17483100855246 /* TrendTableViewCell.swift */; };
		C999FDE12C1749B000855246 /* MovieDetailViewController.swift in Sources */ = {isa = PBXBuildFile; fileRef = C999FDE02C1749B000855246 /* MovieDetailViewController.swift */; };
		C999FDE32C1749D900855246 /* TrendMovieDetailHeaderView.swift in Sources */ = {isa = PBXBuildFile; fileRef = C999FDE22C1749D900855246 /* TrendMovieDetailHeaderView.swift */; };
		C999FDE72C174FAB00855246 /* MovieDetailDescriptionTableViewCell.swift in Sources */ = {isa = PBXBuildFile; fileRef = C999FDE62C174FAB00855246 /* MovieDetailDescriptionTableViewCell.swift */; };
		C999FDE92C1750AF00855246 /* MovieDetailActorInfoTableViewCell.swift in Sources */ = {isa = PBXBuildFile; fileRef = C999FDE82C1750AF00855246 /* MovieDetailActorInfoTableViewCell.swift */; };
		C999FDEB2C17548100855246 /* MovieDetailSectionView.swift in Sources */ = {isa = PBXBuildFile; fileRef = C999FDEA2C17548100855246 /* MovieDetailSectionView.swift */; };
		C999FDED2C17572800855246 /* TrendDetail.swift in Sources */ = {isa = PBXBuildFile; fileRef = C999FDEC2C17572800855246 /* TrendDetail.swift */; };
		C999FDEF2C175ACC00855246 /* MovieCredit.swift in Sources */ = {isa = PBXBuildFile; fileRef = C999FDEE2C175ACC00855246 /* MovieCredit.swift */; };
		C9A538A92C2E93D900BA240A /* RecommendTableHeaderView.swift in Sources */ = {isa = PBXBuildFile; fileRef = C9A538A82C2E93D900BA240A /* RecommendTableHeaderView.swift */; };
		C9A538AC2C2E976400BA240A /* MovieTabbarController.swift in Sources */ = {isa = PBXBuildFile; fileRef = C9A538AB2C2E976400BA240A /* MovieTabbarController.swift */; };
		C9A538AE2C2E990900BA240A /* TabbarCase.swift in Sources */ = {isa = PBXBuildFile; fileRef = C9A538AD2C2E990900BA240A /* TabbarCase.swift */; };
		C9A538B12C2EBD1D00BA240A /* BaseViewController.swift in Sources */ = {isa = PBXBuildFile; fileRef = C9A538B02C2EBD1D00BA240A /* BaseViewController.swift */; };
		C9A538B52C2EBF1200BA240A /* ViewCase.swift in Sources */ = {isa = PBXBuildFile; fileRef = C9A538B42C2EBF1200BA240A /* ViewCase.swift */; };
		C9A538BA2C2F10D400BA240A /* EmptyView.swift in Sources */ = {isa = PBXBuildFile; fileRef = C9A538B92C2F10D400BA240A /* EmptyView.swift */; };
		C9A538BC2C2F110400BA240A /* BaseView.swift in Sources */ = {isa = PBXBuildFile; fileRef = C9A538BB2C2F110400BA240A /* BaseView.swift */; };
		C9BD15762C0EFEB20049787E /* AppDelegate.swift in Sources */ = {isa = PBXBuildFile; fileRef = C9BD15752C0EFEB20049787E /* AppDelegate.swift */; };
		C9BD15782C0EFEB20049787E /* SceneDelegate.swift in Sources */ = {isa = PBXBuildFile; fileRef = C9BD15772C0EFEB20049787E /* SceneDelegate.swift */; };
		C9BD157F2C0EFEB30049787E /* Assets.xcassets in Resources */ = {isa = PBXBuildFile; fileRef = C9BD157E2C0EFEB30049787E /* Assets.xcassets */; };
		C9BD15822C0EFEB30049787E /* Base in Resources */ = {isa = PBXBuildFile; fileRef = C9BD15812C0EFEB30049787E /* Base */; };
		C9BD15912C0F18AF0049787E /* JoinViewController.swift in Sources */ = {isa = PBXBuildFile; fileRef = C9BD15902C0F18AF0049787E /* JoinViewController.swift */; };
		C9BD15952C0F20E20049787E /* UITextField+.swift in Sources */ = {isa = PBXBuildFile; fileRef = C9BD15942C0F20E20049787E /* UITextField+.swift */; };
		C9F5F1162C328B21002FAACE /* MovieVideo.swift in Sources */ = {isa = PBXBuildFile; fileRef = C9F5F1152C328B21002FAACE /* MovieVideo.swift */; };
		C9F5F11A2C32931D002FAACE /* MovieVideoResponse.swift in Sources */ = {isa = PBXBuildFile; fileRef = C9F5F1192C32931D002FAACE /* MovieVideoResponse.swift */; };
		C9F5F11C2C329364002FAACE /* VideoResponse.swift in Sources */ = {isa = PBXBuildFile; fileRef = C9F5F11B2C329364002FAACE /* VideoResponse.swift */; };
		C9FA01AB2C2B00E700E5C100 /* Endpoint.swift in Sources */ = {isa = PBXBuildFile; fileRef = C9FA01AA2C2B00E700E5C100 /* Endpoint.swift */; };
		C9FA01AD2C2B021700E5C100 /* _HTTPMethod.swift in Sources */ = {isa = PBXBuildFile; fileRef = C9FA01AC2C2B021700E5C100 /* _HTTPMethod.swift */; };
		C9FA01B12C2B161700E5C100 /* RecommendMoviesViewController.swift in Sources */ = {isa = PBXBuildFile; fileRef = C9FA01B02C2B161700E5C100 /* RecommendMoviesViewController.swift */; };
		C9FA01B32C2B17AD00E5C100 /* RecommendTableViewCell.swift in Sources */ = {isa = PBXBuildFile; fileRef = C9FA01B22C2B17AD00E5C100 /* RecommendTableViewCell.swift */; };
		C9FA01B72C2B288200E5C100 /* Poster.swift in Sources */ = {isa = PBXBuildFile; fileRef = C9FA01B62C2B288200E5C100 /* Poster.swift */; };
		C9FA01B92C2C499A00E5C100 /* TableViewSection.swift in Sources */ = {isa = PBXBuildFile; fileRef = C9FA01B82C2C499A00E5C100 /* TableViewSection.swift */; };
		C9FA01C22C2C769900E5C100 /* NetworkRequest.swift in Sources */ = {isa = PBXBuildFile; fileRef = C9FA01C12C2C769900E5C100 /* NetworkRequest.swift */; };
/* End PBXBuildFile section */

/* Begin PBXFileReference section */
		C912D7152C295CE100361F66 /* Constant.swift */ = {isa = PBXFileReference; lastKnownFileType = sourcecode.swift; path = Constant.swift; sourceTree = "<group>"; };
		C912D7182C29638600361F66 /* NetworkService.swift */ = {isa = PBXFileReference; lastKnownFileType = sourcecode.swift; path = NetworkService.swift; sourceTree = "<group>"; };
		C912D71A2C29B79100361F66 /* SimilarMovies.swift */ = {isa = PBXFileReference; lastKnownFileType = sourcecode.swift; path = SimilarMovies.swift; sourceTree = "<group>"; };
		C912D71D2C29BAFC00361F66 /* MoviesCollectionViewCell.swift */ = {isa = PBXFileReference; lastKnownFileType = sourcecode.swift; path = MoviesCollectionViewCell.swift; sourceTree = "<group>"; };
		C912D7212C29BE6100361F66 /* UILabel+.swift */ = {isa = PBXFileReference; lastKnownFileType = sourcecode.swift; path = "UILabel+.swift"; sourceTree = "<group>"; };
		C95381C52C189A65000A054D /* SearchViewController.swift */ = {isa = PBXFileReference; lastKnownFileType = sourcecode.swift; path = SearchViewController.swift; sourceTree = "<group>"; };
		C95381C72C189A84000A054D /* SearchMovieCollectionViewCell.swift */ = {isa = PBXFileReference; lastKnownFileType = sourcecode.swift; path = SearchMovieCollectionViewCell.swift; sourceTree = "<group>"; };
		C95381C92C189B77000A054D /* UICollectionViewCell+.swift */ = {isa = PBXFileReference; lastKnownFileType = sourcecode.swift; path = "UICollectionViewCell+.swift"; sourceTree = "<group>"; };
		C95381CB2C18A12B000A054D /* SearchedMovie.swift */ = {isa = PBXFileReference; lastKnownFileType = sourcecode.swift; path = SearchedMovie.swift; sourceTree = "<group>"; };
		C968A1D72C118EE1004947C7 /* UITableViewCell+.swift */ = {isa = PBXFileReference; lastKnownFileType = sourcecode.swift; path = "UITableViewCell+.swift"; sourceTree = "<group>"; };
		C968A1E52C11A684004947C7 /* Config.xcconfig */ = {isa = PBXFileReference; lastKnownFileType = text.xcconfig; path = Config.xcconfig; sourceTree = "<group>"; };
		C968A1EA2C11AA50004947C7 /* Movie.swift */ = {isa = PBXFileReference; lastKnownFileType = sourcecode.swift; path = Movie.swift; sourceTree = "<group>"; };
		C968A1EF2C11B534004947C7 /* UIViewController+.swift */ = {isa = PBXFileReference; lastKnownFileType = sourcecode.swift; path = "UIViewController+.swift"; sourceTree = "<group>"; };
		C999FDDA2C1746AB00855246 /* TrendMovieViewController.swift */ = {isa = PBXFileReference; lastKnownFileType = sourcecode.swift; path = TrendMovieViewController.swift; sourceTree = "<group>"; };
		C999FDDC2C17480C00855246 /* Trend.swift */ = {isa = PBXFileReference; lastKnownFileType = sourcecode.swift; path = Trend.swift; sourceTree = "<group>"; };
		C999FDDE2C17483100855246 /* TrendTableViewCell.swift */ = {isa = PBXFileReference; lastKnownFileType = sourcecode.swift; path = TrendTableViewCell.swift; sourceTree = "<group>"; };
		C999FDE02C1749B000855246 /* MovieDetailViewController.swift */ = {isa = PBXFileReference; lastKnownFileType = sourcecode.swift; path = MovieDetailViewController.swift; sourceTree = "<group>"; };
		C999FDE22C1749D900855246 /* TrendMovieDetailHeaderView.swift */ = {isa = PBXFileReference; lastKnownFileType = sourcecode.swift; name = TrendMovieDetailHeaderView.swift; path = MediaProject/TrendMovieDetailHeaderView.swift; sourceTree = SOURCE_ROOT; };
		C999FDE62C174FAB00855246 /* MovieDetailDescriptionTableViewCell.swift */ = {isa = PBXFileReference; lastKnownFileType = sourcecode.swift; path = MovieDetailDescriptionTableViewCell.swift; sourceTree = "<group>"; };
		C999FDE82C1750AF00855246 /* MovieDetailActorInfoTableViewCell.swift */ = {isa = PBXFileReference; lastKnownFileType = sourcecode.swift; path = MovieDetailActorInfoTableViewCell.swift; sourceTree = "<group>"; };
		C999FDEA2C17548100855246 /* MovieDetailSectionView.swift */ = {isa = PBXFileReference; lastKnownFileType = sourcecode.swift; path = MovieDetailSectionView.swift; sourceTree = "<group>"; };
		C999FDEC2C17572800855246 /* TrendDetail.swift */ = {isa = PBXFileReference; lastKnownFileType = sourcecode.swift; path = TrendDetail.swift; sourceTree = "<group>"; };
		C999FDEE2C175ACC00855246 /* MovieCredit.swift */ = {isa = PBXFileReference; lastKnownFileType = sourcecode.swift; path = MovieCredit.swift; sourceTree = "<group>"; };
		C9A538A82C2E93D900BA240A /* RecommendTableHeaderView.swift */ = {isa = PBXFileReference; lastKnownFileType = sourcecode.swift; path = RecommendTableHeaderView.swift; sourceTree = "<group>"; };
		C9A538AB2C2E976400BA240A /* MovieTabbarController.swift */ = {isa = PBXFileReference; lastKnownFileType = sourcecode.swift; path = MovieTabbarController.swift; sourceTree = "<group>"; };
		C9A538AD2C2E990900BA240A /* TabbarCase.swift */ = {isa = PBXFileReference; lastKnownFileType = sourcecode.swift; path = TabbarCase.swift; sourceTree = "<group>"; };
		C9A538B02C2EBD1D00BA240A /* BaseViewController.swift */ = {isa = PBXFileReference; lastKnownFileType = sourcecode.swift; path = BaseViewController.swift; sourceTree = "<group>"; };
		C9A538B42C2EBF1200BA240A /* ViewCase.swift */ = {isa = PBXFileReference; lastKnownFileType = sourcecode.swift; path = ViewCase.swift; sourceTree = "<group>"; };
		C9A538B92C2F10D400BA240A /* EmptyView.swift */ = {isa = PBXFileReference; lastKnownFileType = sourcecode.swift; path = EmptyView.swift; sourceTree = "<group>"; };
		C9A538BB2C2F110400BA240A /* BaseView.swift */ = {isa = PBXFileReference; lastKnownFileType = sourcecode.swift; path = BaseView.swift; sourceTree = "<group>"; };
		C9BD15722C0EFEB20049787E /* MediaProject.app */ = {isa = PBXFileReference; explicitFileType = wrapper.application; includeInIndex = 0; path = MediaProject.app; sourceTree = BUILT_PRODUCTS_DIR; };
		C9BD15752C0EFEB20049787E /* AppDelegate.swift */ = {isa = PBXFileReference; lastKnownFileType = sourcecode.swift; path = AppDelegate.swift; sourceTree = "<group>"; };
		C9BD15772C0EFEB20049787E /* SceneDelegate.swift */ = {isa = PBXFileReference; lastKnownFileType = sourcecode.swift; path = SceneDelegate.swift; sourceTree = "<group>"; };
		C9BD157E2C0EFEB30049787E /* Assets.xcassets */ = {isa = PBXFileReference; lastKnownFileType = folder.assetcatalog; path = Assets.xcassets; sourceTree = "<group>"; };
		C9BD15812C0EFEB30049787E /* Base */ = {isa = PBXFileReference; lastKnownFileType = file.storyboard; name = Base; path = Base.lproj/LaunchScreen.storyboard; sourceTree = "<group>"; };
		C9BD15832C0EFEB30049787E /* Info.plist */ = {isa = PBXFileReference; lastKnownFileType = text.plist.xml; path = Info.plist; sourceTree = "<group>"; };
		C9BD15902C0F18AF0049787E /* JoinViewController.swift */ = {isa = PBXFileReference; lastKnownFileType = sourcecode.swift; path = JoinViewController.swift; sourceTree = "<group>"; };
		C9BD15942C0F20E20049787E /* UITextField+.swift */ = {isa = PBXFileReference; lastKnownFileType = sourcecode.swift; path = "UITextField+.swift"; sourceTree = "<group>"; };
		C9F5F1152C328B21002FAACE /* MovieVideo.swift */ = {isa = PBXFileReference; lastKnownFileType = sourcecode.swift; path = MovieVideo.swift; sourceTree = "<group>"; };
		C9F5F1192C32931D002FAACE /* MovieVideoResponse.swift */ = {isa = PBXFileReference; lastKnownFileType = sourcecode.swift; path = MovieVideoResponse.swift; sourceTree = "<group>"; };
		C9F5F11B2C329364002FAACE /* VideoResponse.swift */ = {isa = PBXFileReference; lastKnownFileType = sourcecode.swift; path = VideoResponse.swift; sourceTree = "<group>"; };
		C9FA01AA2C2B00E700E5C100 /* Endpoint.swift */ = {isa = PBXFileReference; lastKnownFileType = sourcecode.swift; path = Endpoint.swift; sourceTree = "<group>"; };
		C9FA01AC2C2B021700E5C100 /* _HTTPMethod.swift */ = {isa = PBXFileReference; lastKnownFileType = sourcecode.swift; path = _HTTPMethod.swift; sourceTree = "<group>"; };
		C9FA01B02C2B161700E5C100 /* RecommendMoviesViewController.swift */ = {isa = PBXFileReference; lastKnownFileType = sourcecode.swift; path = RecommendMoviesViewController.swift; sourceTree = "<group>"; };
		C9FA01B22C2B17AD00E5C100 /* RecommendTableViewCell.swift */ = {isa = PBXFileReference; lastKnownFileType = sourcecode.swift; path = RecommendTableViewCell.swift; sourceTree = "<group>"; };
		C9FA01B62C2B288200E5C100 /* Poster.swift */ = {isa = PBXFileReference; lastKnownFileType = sourcecode.swift; path = Poster.swift; sourceTree = "<group>"; };
		C9FA01B82C2C499A00E5C100 /* TableViewSection.swift */ = {isa = PBXFileReference; lastKnownFileType = sourcecode.swift; path = TableViewSection.swift; sourceTree = "<group>"; };
		C9FA01C12C2C769900E5C100 /* NetworkRequest.swift */ = {isa = PBXFileReference; lastKnownFileType = sourcecode.swift; path = NetworkRequest.swift; sourceTree = "<group>"; };
/* End PBXFileReference section */

/* Begin PBXFrameworksBuildPhase section */
		C9BD156F2C0EFEB20049787E /* Frameworks */ = {
			isa = PBXFrameworksBuildPhase;
			buildActionMask = 2147483647;
			files = (
				C999FDD82C17465300855246 /* Kingfisher in Frameworks */,
				C968A1E42C11A61C004947C7 /* SnapKit in Frameworks */,
				C968A1EE2C11AB08004947C7 /* Alamofire in Frameworks */,
			);
			runOnlyForDeploymentPostprocessing = 0;
		};
/* End PBXFrameworksBuildPhase section */

/* Begin PBXGroup section */
		C912D7172C29637A00361F66 /* Network */ = {
			isa = PBXGroup;
			children = (
				C912D7182C29638600361F66 /* NetworkService.swift */,
			);
			path = Network;
			sourceTree = "<group>";
		};
		C912D71C2C29BACF00361F66 /* Similar */ = {
			isa = PBXGroup;
			children = (
				C9FA01B02C2B161700E5C100 /* RecommendMoviesViewController.swift */,
				C912D71D2C29BAFC00361F66 /* MoviesCollectionViewCell.swift */,
				C9FA01B22C2B17AD00E5C100 /* RecommendTableViewCell.swift */,
				C9A538A82C2E93D900BA240A /* RecommendTableHeaderView.swift */,
			);
			path = Similar;
			sourceTree = "<group>";
		};
		C95381C42C188786000A054D /* Search */ = {
			isa = PBXGroup;
			children = (
				C95381C52C189A65000A054D /* SearchViewController.swift */,
				C95381C72C189A84000A054D /* SearchMovieCollectionViewCell.swift */,
				C9A538B92C2F10D400BA240A /* EmptyView.swift */,
				C9A538B62C2F0CA100BA240A /* SearchResult */,
			);
			path = Search;
			sourceTree = "<group>";
		};
		C968A1E92C11AA45004947C7 /* Model */ = {
			isa = PBXGroup;
			children = (
				C9F5F1172C329300002FAACE /* DTO */,
				C9F5F1182C329305002FAACE /* Response */,
				C9FA01BE2C2C551900E5C100 /* Endpoint */,
				C968A1EA2C11AA50004947C7 /* Movie.swift */,
				C999FDDC2C17480C00855246 /* Trend.swift */,
				C9FA01B62C2B288200E5C100 /* Poster.swift */,
				C999FDEC2C17572800855246 /* TrendDetail.swift */,
				C999FDEE2C175ACC00855246 /* MovieCredit.swift */,
				C95381CB2C18A12B000A054D /* SearchedMovie.swift */,
				C912D71A2C29B79100361F66 /* SimilarMovies.swift */,
				C9FA01B82C2C499A00E5C100 /* TableViewSection.swift */,
			);
			path = Model;
			sourceTree = "<group>";
		};
		C999FDD92C17469100855246 /* Trend */ = {
			isa = PBXGroup;
			children = (
				C999FDDA2C1746AB00855246 /* TrendMovieViewController.swift */,
				C999FDE22C1749D900855246 /* TrendMovieDetailHeaderView.swift */,
				C999FDDE2C17483100855246 /* TrendTableViewCell.swift */,
			);
			path = Trend;
			sourceTree = "<group>";
		};
		C9A538AA2C2E975600BA240A /* Tabbar */ = {
			isa = PBXGroup;
			children = (
				C9A538AB2C2E976400BA240A /* MovieTabbarController.swift */,
				C9A538AD2C2E990900BA240A /* TabbarCase.swift */,
			);
			path = Tabbar;
			sourceTree = "<group>";
		};
		C9A538AF2C2EBD0800BA240A /* Base */ = {
			isa = PBXGroup;
			children = (
				C9A538B02C2EBD1D00BA240A /* BaseViewController.swift */,
				C9A538B42C2EBF1200BA240A /* ViewCase.swift */,
				C9A538BB2C2F110400BA240A /* BaseView.swift */,
			);
			path = Base;
			sourceTree = "<group>";
		};
		C9A538B62C2F0CA100BA240A /* SearchResult */ = {
			isa = PBXGroup;
			children = (
				C999FDE02C1749B000855246 /* MovieDetailViewController.swift */,
				C999FDE62C174FAB00855246 /* MovieDetailDescriptionTableViewCell.swift */,
				C999FDE82C1750AF00855246 /* MovieDetailActorInfoTableViewCell.swift */,
				C999FDEA2C17548100855246 /* MovieDetailSectionView.swift */,
			);
			path = SearchResult;
			sourceTree = "<group>";
		};
		C9BD15692C0EFEB20049787E = {
			isa = PBXGroup;
			children = (
				C9BD15742C0EFEB20049787E /* MediaProject */,
				C9BD15732C0EFEB20049787E /* Products */,
			);
			sourceTree = "<group>";
		};
		C9BD15732C0EFEB20049787E /* Products */ = {
			isa = PBXGroup;
			children = (
				C9BD15722C0EFEB20049787E /* MediaProject.app */,
			);
			name = Products;
			sourceTree = "<group>";
		};
		C9BD15742C0EFEB20049787E /* MediaProject */ = {
			isa = PBXGroup;
			children = (
				C9FA01BD2C2C54A200E5C100 /* Resources */,
				C9FA01BC2C2C549400E5C100 /* Sources */,
				C968A1E52C11A684004947C7 /* Config.xcconfig */,
				C9BD15832C0EFEB30049787E /* Info.plist */,
			);
			path = MediaProject;
			sourceTree = "<group>";
		};
		C9BD15962C0F21140049787E /* Extension */ = {
			isa = PBXGroup;
			children = (
				C9BD15942C0F20E20049787E /* UITextField+.swift */,
				C968A1D72C118EE1004947C7 /* UITableViewCell+.swift */,
				C968A1EF2C11B534004947C7 /* UIViewController+.swift */,
				C95381C92C189B77000A054D /* UICollectionViewCell+.swift */,
				C912D7212C29BE6100361F66 /* UILabel+.swift */,
			);
			path = Extension;
			sourceTree = "<group>";
		};
		C9F5F1172C329300002FAACE /* DTO */ = {
			isa = PBXGroup;
			children = (
				C9F5F1152C328B21002FAACE /* MovieVideo.swift */,
			);
			path = DTO;
			sourceTree = "<group>";
		};
		C9F5F1182C329305002FAACE /* Response */ = {
			isa = PBXGroup;
			children = (
				C9F5F1192C32931D002FAACE /* MovieVideoResponse.swift */,
				C9F5F11B2C329364002FAACE /* VideoResponse.swift */,
			);
			path = Response;
			sourceTree = "<group>";
		};
		C9FA01BA2C2C545300E5C100 /* Constant */ = {
			isa = PBXGroup;
			children = (
				C912D7152C295CE100361F66 /* Constant.swift */,
			);
			path = Constant;
			sourceTree = "<group>";
		};
		C9FA01BB2C2C545B00E5C100 /* App */ = {
			isa = PBXGroup;
			children = (
				C9BD15752C0EFEB20049787E /* AppDelegate.swift */,
				C9BD15772C0EFEB20049787E /* SceneDelegate.swift */,
			);
			path = App;
			sourceTree = "<group>";
		};
		C9FA01BC2C2C549400E5C100 /* Sources */ = {
			isa = PBXGroup;
			children = (
				C9FA01BB2C2C545B00E5C100 /* App */,
				C968A1E92C11AA45004947C7 /* Model */,
				C9FA01C02C2C55A100E5C100 /* Presentation */,
				C9FA01BF2C2C555B00E5C100 /* Utility */,
			);
			path = Sources;
			sourceTree = "<group>";
		};
		C9FA01BD2C2C54A200E5C100 /* Resources */ = {
			isa = PBXGroup;
			children = (
				C9BD15802C0EFEB30049787E /* LaunchScreen.storyboard */,
				C9BD157E2C0EFEB30049787E /* Assets.xcassets */,
			);
			path = Resources;
			sourceTree = "<group>";
		};
		C9FA01BE2C2C551900E5C100 /* Endpoint */ = {
			isa = PBXGroup;
			children = (
				C9FA01AC2C2B021700E5C100 /* _HTTPMethod.swift */,
				C9FA01AA2C2B00E700E5C100 /* Endpoint.swift */,
				C9FA01C12C2C769900E5C100 /* NetworkRequest.swift */,
			);
			path = Endpoint;
			sourceTree = "<group>";
		};
		C9FA01BF2C2C555B00E5C100 /* Utility */ = {
			isa = PBXGroup;
			children = (
				C912D7172C29637A00361F66 /* Network */,
				C9FA01BA2C2C545300E5C100 /* Constant */,
				C9BD15962C0F21140049787E /* Extension */,
			);
			path = Utility;
			sourceTree = "<group>";
		};
		C9FA01C02C2C55A100E5C100 /* Presentation */ = {
			isa = PBXGroup;
			children = (
				C9A538AF2C2EBD0800BA240A /* Base */,
				C9A538AA2C2E975600BA240A /* Tabbar */,
				C9BD15902C0F18AF0049787E /* JoinViewController.swift */,
				C999FDD92C17469100855246 /* Trend */,
				C95381C42C188786000A054D /* Search */,
				C912D71C2C29BACF00361F66 /* Similar */,
			);
			path = Presentation;
			sourceTree = "<group>";
		};
/* End PBXGroup section */

/* Begin PBXNativeTarget section */
		C9BD15712C0EFEB20049787E /* MediaProject */ = {
			isa = PBXNativeTarget;
			buildConfigurationList = C9BD15862C0EFEB30049787E /* Build configuration list for PBXNativeTarget "MediaProject" */;
			buildPhases = (
				C9BD156E2C0EFEB20049787E /* Sources */,
				C9BD156F2C0EFEB20049787E /* Frameworks */,
				C9BD15702C0EFEB20049787E /* Resources */,
			);
			buildRules = (
			);
			dependencies = (
			);
			name = MediaProject;
			packageProductDependencies = (
				C968A1E32C11A61C004947C7 /* SnapKit */,
				C968A1ED2C11AB08004947C7 /* Alamofire */,
				C999FDD72C17465300855246 /* Kingfisher */,
			);
			productName = MediaProject;
			productReference = C9BD15722C0EFEB20049787E /* MediaProject.app */;
			productType = "com.apple.product-type.application";
		};
/* End PBXNativeTarget section */

/* Begin PBXProject section */
		C9BD156A2C0EFEB20049787E /* Project object */ = {
			isa = PBXProject;
			attributes = {
				BuildIndependentTargetsInParallel = 1;
				LastSwiftUpdateCheck = 1530;
				LastUpgradeCheck = 1530;
				TargetAttributes = {
					C9BD15712C0EFEB20049787E = {
						CreatedOnToolsVersion = 15.3;
					};
				};
			};
			buildConfigurationList = C9BD156D2C0EFEB20049787E /* Build configuration list for PBXProject "MediaProject" */;
			compatibilityVersion = "Xcode 14.0";
			developmentRegion = en;
			hasScannedForEncodings = 0;
			knownRegions = (
				en,
				Base,
			);
			mainGroup = C9BD15692C0EFEB20049787E;
			packageReferences = (
				C968A1E22C11A61C004947C7 /* XCRemoteSwiftPackageReference "SnapKit" */,
				C968A1EC2C11AB08004947C7 /* XCRemoteSwiftPackageReference "Alamofire" */,
				C999FDD62C17465300855246 /* XCRemoteSwiftPackageReference "Kingfisher" */,
			);
			productRefGroup = C9BD15732C0EFEB20049787E /* Products */;
			projectDirPath = "";
			projectRoot = "";
			targets = (
				C9BD15712C0EFEB20049787E /* MediaProject */,
			);
		};
/* End PBXProject section */

/* Begin PBXResourcesBuildPhase section */
		C9BD15702C0EFEB20049787E /* Resources */ = {
			isa = PBXResourcesBuildPhase;
			buildActionMask = 2147483647;
			files = (
				C9BD157F2C0EFEB30049787E /* Assets.xcassets in Resources */,
				C9BD15822C0EFEB30049787E /* Base in Resources */,
			);
			runOnlyForDeploymentPostprocessing = 0;
		};
/* End PBXResourcesBuildPhase section */

/* Begin PBXSourcesBuildPhase section */
		C9BD156E2C0EFEB20049787E /* Sources */ = {
			isa = PBXSourcesBuildPhase;
			buildActionMask = 2147483647;
			files = (
				C968A1D82C118EE1004947C7 /* UITableViewCell+.swift in Sources */,
				C9A538BA2C2F10D400BA240A /* EmptyView.swift in Sources */,
				C9BD15912C0F18AF0049787E /* JoinViewController.swift in Sources */,
				C912D71B2C29B79100361F66 /* SimilarMovies.swift in Sources */,
				C912D71E2C29BAFC00361F66 /* MoviesCollectionViewCell.swift in Sources */,
				C999FDEB2C17548100855246 /* MovieDetailSectionView.swift in Sources */,
				C999FDDB2C1746AB00855246 /* TrendMovieViewController.swift in Sources */,
				C9A538BC2C2F110400BA240A /* BaseView.swift in Sources */,
				C9FA01B12C2B161700E5C100 /* RecommendMoviesViewController.swift in Sources */,
				C999FDDD2C17480C00855246 /* Trend.swift in Sources */,
				C9FA01B32C2B17AD00E5C100 /* RecommendTableViewCell.swift in Sources */,
				C9F5F11C2C329364002FAACE /* VideoResponse.swift in Sources */,
				C912D7222C29BE6100361F66 /* UILabel+.swift in Sources */,
				C999FDEF2C175ACC00855246 /* MovieCredit.swift in Sources */,
				C9A538B12C2EBD1D00BA240A /* BaseViewController.swift in Sources */,
				C9FA01C22C2C769900E5C100 /* NetworkRequest.swift in Sources */,
				C9FA01AB2C2B00E700E5C100 /* Endpoint.swift in Sources */,
				C9BD15952C0F20E20049787E /* UITextField+.swift in Sources */,
				C9A538A92C2E93D900BA240A /* RecommendTableHeaderView.swift in Sources */,
				C9A538AC2C2E976400BA240A /* MovieTabbarController.swift in Sources */,
				C968A1EB2C11AA50004947C7 /* Movie.swift in Sources */,
				C95381CC2C18A12B000A054D /* SearchedMovie.swift in Sources */,
				C9FA01B92C2C499A00E5C100 /* TableViewSection.swift in Sources */,
				C95381CA2C189B77000A054D /* UICollectionViewCell+.swift in Sources */,
				C999FDE92C1750AF00855246 /* MovieDetailActorInfoTableViewCell.swift in Sources */,
				C9BD15762C0EFEB20049787E /* AppDelegate.swift in Sources */,
				C95381C62C189A65000A054D /* SearchViewController.swift in Sources */,
				C999FDE32C1749D900855246 /* TrendMovieDetailHeaderView.swift in Sources */,
				C9F5F1162C328B21002FAACE /* MovieVideo.swift in Sources */,
				C999FDED2C17572800855246 /* TrendDetail.swift in Sources */,
				C968A1F02C11B534004947C7 /* UIViewController+.swift in Sources */,
				C999FDDF2C17483100855246 /* TrendTableViewCell.swift in Sources */,
				C912D7162C295CE100361F66 /* Constant.swift in Sources */,
				C95381C82C189A84000A054D /* SearchMovieCollectionViewCell.swift in Sources */,
				C9BD15782C0EFEB20049787E /* SceneDelegate.swift in Sources */,
				C912D7192C29638600361F66 /* NetworkService.swift in Sources */,
				C999FDE12C1749B000855246 /* MovieDetailViewController.swift in Sources */,
				C9A538AE2C2E990900BA240A /* TabbarCase.swift in Sources */,
				C9A538B52C2EBF1200BA240A /* ViewCase.swift in Sources */,
				C9FA01B72C2B288200E5C100 /* Poster.swift in Sources */,
				C999FDE72C174FAB00855246 /* MovieDetailDescriptionTableViewCell.swift in Sources */,
				C9FA01AD2C2B021700E5C100 /* _HTTPMethod.swift in Sources */,
				C9F5F11A2C32931D002FAACE /* MovieVideoResponse.swift in Sources */,
			);
			runOnlyForDeploymentPostprocessing = 0;
		};
/* End PBXSourcesBuildPhase section */

/* Begin PBXVariantGroup section */
		C9BD15802C0EFEB30049787E /* LaunchScreen.storyboard */ = {
			isa = PBXVariantGroup;
			children = (
				C9BD15812C0EFEB30049787E /* Base */,
			);
			name = LaunchScreen.storyboard;
			sourceTree = "<group>";
		};
/* End PBXVariantGroup section */

/* Begin XCBuildConfiguration section */
		C9BD15842C0EFEB30049787E /* Debug */ = {
			isa = XCBuildConfiguration;
			baseConfigurationReference = C968A1E52C11A684004947C7 /* Config.xcconfig */;
			buildSettings = {
				ALWAYS_SEARCH_USER_PATHS = NO;
				ASSETCATALOG_COMPILER_GENERATE_SWIFT_ASSET_SYMBOL_EXTENSIONS = YES;
				CLANG_ANALYZER_NONNULL = YES;
				CLANG_ANALYZER_NUMBER_OBJECT_CONVERSION = YES_AGGRESSIVE;
				CLANG_CXX_LANGUAGE_STANDARD = "gnu++20";
				CLANG_ENABLE_MODULES = YES;
				CLANG_ENABLE_OBJC_ARC = YES;
				CLANG_ENABLE_OBJC_WEAK = YES;
				CLANG_WARN_BLOCK_CAPTURE_AUTORELEASING = YES;
				CLANG_WARN_BOOL_CONVERSION = YES;
				CLANG_WARN_COMMA = YES;
				CLANG_WARN_CONSTANT_CONVERSION = YES;
				CLANG_WARN_DEPRECATED_OBJC_IMPLEMENTATIONS = YES;
				CLANG_WARN_DIRECT_OBJC_ISA_USAGE = YES_ERROR;
				CLANG_WARN_DOCUMENTATION_COMMENTS = YES;
				CLANG_WARN_EMPTY_BODY = YES;
				CLANG_WARN_ENUM_CONVERSION = YES;
				CLANG_WARN_INFINITE_RECURSION = YES;
				CLANG_WARN_INT_CONVERSION = YES;
				CLANG_WARN_NON_LITERAL_NULL_CONVERSION = YES;
				CLANG_WARN_OBJC_IMPLICIT_RETAIN_SELF = YES;
				CLANG_WARN_OBJC_LITERAL_CONVERSION = YES;
				CLANG_WARN_OBJC_ROOT_CLASS = YES_ERROR;
				CLANG_WARN_QUOTED_INCLUDE_IN_FRAMEWORK_HEADER = YES;
				CLANG_WARN_RANGE_LOOP_ANALYSIS = YES;
				CLANG_WARN_STRICT_PROTOTYPES = YES;
				CLANG_WARN_SUSPICIOUS_MOVE = YES;
				CLANG_WARN_UNGUARDED_AVAILABILITY = YES_AGGRESSIVE;
				CLANG_WARN_UNREACHABLE_CODE = YES;
				CLANG_WARN__DUPLICATE_METHOD_MATCH = YES;
				COPY_PHASE_STRIP = NO;
				DEBUG_INFORMATION_FORMAT = dwarf;
				ENABLE_STRICT_OBJC_MSGSEND = YES;
				ENABLE_TESTABILITY = YES;
				ENABLE_USER_SCRIPT_SANDBOXING = YES;
				GCC_C_LANGUAGE_STANDARD = gnu17;
				GCC_DYNAMIC_NO_PIC = NO;
				GCC_NO_COMMON_BLOCKS = YES;
				GCC_OPTIMIZATION_LEVEL = 0;
				GCC_PREPROCESSOR_DEFINITIONS = (
					"DEBUG=1",
					"$(inherited)",
				);
				GCC_WARN_64_TO_32_BIT_CONVERSION = YES;
				GCC_WARN_ABOUT_RETURN_TYPE = YES_ERROR;
				GCC_WARN_UNDECLARED_SELECTOR = YES;
				GCC_WARN_UNINITIALIZED_AUTOS = YES_AGGRESSIVE;
				GCC_WARN_UNUSED_FUNCTION = YES;
				GCC_WARN_UNUSED_VARIABLE = YES;
				IPHONEOS_DEPLOYMENT_TARGET = 17.4;
				LOCALIZATION_PREFERS_STRING_CATALOGS = YES;
				MTL_ENABLE_DEBUG_INFO = INCLUDE_SOURCE;
				MTL_FAST_MATH = YES;
				ONLY_ACTIVE_ARCH = YES;
				SDKROOT = iphoneos;
				SWIFT_ACTIVE_COMPILATION_CONDITIONS = "DEBUG $(inherited)";
				SWIFT_OPTIMIZATION_LEVEL = "-Onone";
			};
			name = Debug;
		};
		C9BD15852C0EFEB30049787E /* Release */ = {
			isa = XCBuildConfiguration;
			buildSettings = {
				ALWAYS_SEARCH_USER_PATHS = NO;
				ASSETCATALOG_COMPILER_GENERATE_SWIFT_ASSET_SYMBOL_EXTENSIONS = YES;
				CLANG_ANALYZER_NONNULL = YES;
				CLANG_ANALYZER_NUMBER_OBJECT_CONVERSION = YES_AGGRESSIVE;
				CLANG_CXX_LANGUAGE_STANDARD = "gnu++20";
				CLANG_ENABLE_MODULES = YES;
				CLANG_ENABLE_OBJC_ARC = YES;
				CLANG_ENABLE_OBJC_WEAK = YES;
				CLANG_WARN_BLOCK_CAPTURE_AUTORELEASING = YES;
				CLANG_WARN_BOOL_CONVERSION = YES;
				CLANG_WARN_COMMA = YES;
				CLANG_WARN_CONSTANT_CONVERSION = YES;
				CLANG_WARN_DEPRECATED_OBJC_IMPLEMENTATIONS = YES;
				CLANG_WARN_DIRECT_OBJC_ISA_USAGE = YES_ERROR;
				CLANG_WARN_DOCUMENTATION_COMMENTS = YES;
				CLANG_WARN_EMPTY_BODY = YES;
				CLANG_WARN_ENUM_CONVERSION = YES;
				CLANG_WARN_INFINITE_RECURSION = YES;
				CLANG_WARN_INT_CONVERSION = YES;
				CLANG_WARN_NON_LITERAL_NULL_CONVERSION = YES;
				CLANG_WARN_OBJC_IMPLICIT_RETAIN_SELF = YES;
				CLANG_WARN_OBJC_LITERAL_CONVERSION = YES;
				CLANG_WARN_OBJC_ROOT_CLASS = YES_ERROR;
				CLANG_WARN_QUOTED_INCLUDE_IN_FRAMEWORK_HEADER = YES;
				CLANG_WARN_RANGE_LOOP_ANALYSIS = YES;
				CLANG_WARN_STRICT_PROTOTYPES = YES;
				CLANG_WARN_SUSPICIOUS_MOVE = YES;
				CLANG_WARN_UNGUARDED_AVAILABILITY = YES_AGGRESSIVE;
				CLANG_WARN_UNREACHABLE_CODE = YES;
				CLANG_WARN__DUPLICATE_METHOD_MATCH = YES;
				COPY_PHASE_STRIP = NO;
				DEBUG_INFORMATION_FORMAT = "dwarf-with-dsym";
				ENABLE_NS_ASSERTIONS = NO;
				ENABLE_STRICT_OBJC_MSGSEND = YES;
				ENABLE_USER_SCRIPT_SANDBOXING = YES;
				GCC_C_LANGUAGE_STANDARD = gnu17;
				GCC_NO_COMMON_BLOCKS = YES;
				GCC_WARN_64_TO_32_BIT_CONVERSION = YES;
				GCC_WARN_ABOUT_RETURN_TYPE = YES_ERROR;
				GCC_WARN_UNDECLARED_SELECTOR = YES;
				GCC_WARN_UNINITIALIZED_AUTOS = YES_AGGRESSIVE;
				GCC_WARN_UNUSED_FUNCTION = YES;
				GCC_WARN_UNUSED_VARIABLE = YES;
				IPHONEOS_DEPLOYMENT_TARGET = 17.4;
				LOCALIZATION_PREFERS_STRING_CATALOGS = YES;
				MTL_ENABLE_DEBUG_INFO = NO;
				MTL_FAST_MATH = YES;
				SDKROOT = iphoneos;
				SWIFT_COMPILATION_MODE = wholemodule;
				VALIDATE_PRODUCT = YES;
			};
			name = Release;
		};
		C9BD15872C0EFEB30049787E /* Debug */ = {
			isa = XCBuildConfiguration;
			baseConfigurationReference = C968A1E52C11A684004947C7 /* Config.xcconfig */;
			buildSettings = {
				ASSETCATALOG_COMPILER_APPICON_NAME = AppIcon;
				ASSETCATALOG_COMPILER_GLOBAL_ACCENT_COLOR_NAME = AccentColor;
				CODE_SIGN_STYLE = Automatic;
				CURRENT_PROJECT_VERSION = 1;
				DEVELOPMENT_TEAM = T4W7695R5C;
				GENERATE_INFOPLIST_FILE = YES;
				INFOPLIST_FILE = MediaProject/Info.plist;
				INFOPLIST_KEY_UIApplicationSupportsIndirectInputEvents = YES;
				INFOPLIST_KEY_UILaunchStoryboardName = LaunchScreen;
				INFOPLIST_KEY_UISupportedInterfaceOrientations = UIInterfaceOrientationPortrait;
				INFOPLIST_KEY_UISupportedInterfaceOrientations_iPad = UIInterfaceOrientationPortrait;
				IPHONEOS_DEPLOYMENT_TARGET = 16.0;
				LD_RUNPATH_SEARCH_PATHS = (
					"$(inherited)",
					"@executable_path/Frameworks",
				);
				MARKETING_VERSION = 1.0;
				PRODUCT_BUNDLE_IDENTIFIER = com.jisooHAM.MediaProject;
				PRODUCT_NAME = "$(TARGET_NAME)";
				SUPPORTED_PLATFORMS = "iphoneos iphonesimulator";
				SUPPORTS_MACCATALYST = NO;
				SUPPORTS_MAC_DESIGNED_FOR_IPHONE_IPAD = NO;
				SUPPORTS_XR_DESIGNED_FOR_IPHONE_IPAD = NO;
				SWIFT_EMIT_LOC_STRINGS = YES;
				SWIFT_VERSION = 5.0;
				TARGETED_DEVICE_FAMILY = 1;
			};
			name = Debug;
		};
		C9BD15882C0EFEB30049787E /* Release */ = {
			isa = XCBuildConfiguration;
			buildSettings = {
				ASSETCATALOG_COMPILER_APPICON_NAME = AppIcon;
				ASSETCATALOG_COMPILER_GLOBAL_ACCENT_COLOR_NAME = AccentColor;
				CODE_SIGN_STYLE = Automatic;
				CURRENT_PROJECT_VERSION = 1;
				DEVELOPMENT_TEAM = T4W7695R5C;
				GENERATE_INFOPLIST_FILE = YES;
				INFOPLIST_FILE = MediaProject/Info.plist;
				INFOPLIST_KEY_UIApplicationSupportsIndirectInputEvents = YES;
				INFOPLIST_KEY_UILaunchStoryboardName = LaunchScreen;
				INFOPLIST_KEY_UISupportedInterfaceOrientations = UIInterfaceOrientationPortrait;
				INFOPLIST_KEY_UISupportedInterfaceOrientations_iPad = UIInterfaceOrientationPortrait;
				IPHONEOS_DEPLOYMENT_TARGET = 16.0;
				LD_RUNPATH_SEARCH_PATHS = (
					"$(inherited)",
					"@executable_path/Frameworks",
				);
				MARKETING_VERSION = 1.0;
				PRODUCT_BUNDLE_IDENTIFIER = com.jisooHAM.MediaProject;
				PRODUCT_NAME = "$(TARGET_NAME)";
				SUPPORTED_PLATFORMS = "iphoneos iphonesimulator";
				SUPPORTS_MACCATALYST = NO;
				SUPPORTS_MAC_DESIGNED_FOR_IPHONE_IPAD = NO;
				SUPPORTS_XR_DESIGNED_FOR_IPHONE_IPAD = NO;
				SWIFT_EMIT_LOC_STRINGS = YES;
				SWIFT_VERSION = 5.0;
				TARGETED_DEVICE_FAMILY = 1;
			};
			name = Release;
		};
/* End XCBuildConfiguration section */

/* Begin XCConfigurationList section */
		C9BD156D2C0EFEB20049787E /* Build configuration list for PBXProject "MediaProject" */ = {
			isa = XCConfigurationList;
			buildConfigurations = (
				C9BD15842C0EFEB30049787E /* Debug */,
				C9BD15852C0EFEB30049787E /* Release */,
			);
			defaultConfigurationIsVisible = 0;
			defaultConfigurationName = Release;
		};
		C9BD15862C0EFEB30049787E /* Build configuration list for PBXNativeTarget "MediaProject" */ = {
			isa = XCConfigurationList;
			buildConfigurations = (
				C9BD15872C0EFEB30049787E /* Debug */,
				C9BD15882C0EFEB30049787E /* Release */,
			);
			defaultConfigurationIsVisible = 0;
			defaultConfigurationName = Release;
		};
/* End XCConfigurationList section */

/* Begin XCRemoteSwiftPackageReference section */
		C968A1E22C11A61C004947C7 /* XCRemoteSwiftPackageReference "SnapKit" */ = {
			isa = XCRemoteSwiftPackageReference;
			repositoryURL = "https://github.com/SnapKit/SnapKit.git";
			requirement = {
				kind = upToNextMajorVersion;
				minimumVersion = 5.7.1;
			};
		};
		C968A1EC2C11AB08004947C7 /* XCRemoteSwiftPackageReference "Alamofire" */ = {
			isa = XCRemoteSwiftPackageReference;
			repositoryURL = "https://github.com/Alamofire/Alamofire.git";
			requirement = {
				kind = upToNextMajorVersion;
				minimumVersion = 5.9.1;
			};
		};
		C999FDD62C17465300855246 /* XCRemoteSwiftPackageReference "Kingfisher" */ = {
			isa = XCRemoteSwiftPackageReference;
			repositoryURL = "https://github.com/onevcat/Kingfisher.git";
			requirement = {
				kind = upToNextMajorVersion;
				minimumVersion = 7.12.0;
			};
		};
/* End XCRemoteSwiftPackageReference section */

/* Begin XCSwiftPackageProductDependency section */
		C968A1E32C11A61C004947C7 /* SnapKit */ = {
			isa = XCSwiftPackageProductDependency;
			package = C968A1E22C11A61C004947C7 /* XCRemoteSwiftPackageReference "SnapKit" */;
			productName = SnapKit;
		};
		C968A1ED2C11AB08004947C7 /* Alamofire */ = {
			isa = XCSwiftPackageProductDependency;
			package = C968A1EC2C11AB08004947C7 /* XCRemoteSwiftPackageReference "Alamofire" */;
			productName = Alamofire;
		};
		C999FDD72C17465300855246 /* Kingfisher */ = {
			isa = XCSwiftPackageProductDependency;
			package = C999FDD62C17465300855246 /* XCRemoteSwiftPackageReference "Kingfisher" */;
			productName = Kingfisher;
		};
/* End XCSwiftPackageProductDependency section */
	};
	rootObject = C9BD156A2C0EFEB20049787E /* Project object */;
}
